// !$*UTF8*$!
{
	archiveVersion = 1;
	classes = {
	};
	objectVersion = 56;
	objects = {

/* Begin PBXBuildFile section */
		730FA1F82C39F4C100F94C6F /* UIViewController+Keyboard.swift in Sources */ = {isa = PBXBuildFile; fileRef = 730FA1F72C39F4C100F94C6F /* UIViewController+Keyboard.swift */; };
		73101FD92C2DC0DB0001BA5D /* AppDelegate.swift in Sources */ = {isa = PBXBuildFile; fileRef = 73101FD82C2DC0DB0001BA5D /* AppDelegate.swift */; };
		73101FDB2C2DC0DB0001BA5D /* SceneDelegate.swift in Sources */ = {isa = PBXBuildFile; fileRef = 73101FDA2C2DC0DB0001BA5D /* SceneDelegate.swift */; };
		73101FE22C2DC0DD0001BA5D /* Assets.xcassets in Resources */ = {isa = PBXBuildFile; fileRef = 73101FE12C2DC0DD0001BA5D /* Assets.xcassets */; };
		73101FE52C2DC0DD0001BA5D /* Base in Resources */ = {isa = PBXBuildFile; fileRef = 73101FE42C2DC0DD0001BA5D /* Base */; };
		73101FED2C2DC2230001BA5D /* WelcomeViewController.swift in Sources */ = {isa = PBXBuildFile; fileRef = 73101FEC2C2DC2230001BA5D /* WelcomeViewController.swift */; };
		731020012C2ECF3F0001BA5D /* AppCoordinator.swift in Sources */ = {isa = PBXBuildFile; fileRef = 731020002C2ECF3F0001BA5D /* AppCoordinator.swift */; };
		731020032C2ECFAC0001BA5D /* Coordinator.swift in Sources */ = {isa = PBXBuildFile; fileRef = 731020022C2ECFAC0001BA5D /* Coordinator.swift */; };
		731020052C2ED5760001BA5D /* TabBarItems.swift in Sources */ = {isa = PBXBuildFile; fileRef = 731020042C2ED5760001BA5D /* TabBarItems.swift */; };
		731020082C2ED7BA0001BA5D /* MainTabBarCoordinator.swift in Sources */ = {isa = PBXBuildFile; fileRef = 731020072C2ED7BA0001BA5D /* MainTabBarCoordinator.swift */; };
		7310200A2C2ED9420001BA5D /* CategoriesCoordinator.swift in Sources */ = {isa = PBXBuildFile; fileRef = 731020092C2ED9420001BA5D /* CategoriesCoordinator.swift */; };
		7310200F2C2EDA270001BA5D /* CategoriesViewController.swift in Sources */ = {isa = PBXBuildFile; fileRef = 7310200E2C2EDA270001BA5D /* CategoriesViewController.swift */; };
		731020122C2EDB1B0001BA5D /* CartViewController.swift in Sources */ = {isa = PBXBuildFile; fileRef = 731020112C2EDB1B0001BA5D /* CartViewController.swift */; };
		731020152C2EDB3E0001BA5D /* ProfileViewController.swift in Sources */ = {isa = PBXBuildFile; fileRef = 731020142C2EDB3E0001BA5D /* ProfileViewController.swift */; };
		731020182C2EDC080001BA5D /* CartCoordinator.swift in Sources */ = {isa = PBXBuildFile; fileRef = 731020172C2EDC080001BA5D /* CartCoordinator.swift */; };
		7310201A2C2EDC3B0001BA5D /* ProfileCoordinator.swift in Sources */ = {isa = PBXBuildFile; fileRef = 731020192C2EDC3B0001BA5D /* ProfileCoordinator.swift */; };
		7310201C2C2EE83C0001BA5D /* WelcomeCoordinator.swift in Sources */ = {isa = PBXBuildFile; fileRef = 7310201B2C2EE83C0001BA5D /* WelcomeCoordinator.swift */; };
		7310201F2C2EF04E0001BA5D /* WelcomeViewModel.swift in Sources */ = {isa = PBXBuildFile; fileRef = 7310201E2C2EF04E0001BA5D /* WelcomeViewModel.swift */; };
		731020212C2F085E0001BA5D /* UITextField+Publisher.swift in Sources */ = {isa = PBXBuildFile; fileRef = 731020202C2F085E0001BA5D /* UITextField+Publisher.swift */; };
		731020232C2F1AD60001BA5D /* ObservableValue.swift in Sources */ = {isa = PBXBuildFile; fileRef = 731020222C2F1AD60001BA5D /* ObservableValue.swift */; };
		731020262C2F2A890001BA5D /* LoginUseCase.swift in Sources */ = {isa = PBXBuildFile; fileRef = 731020252C2F2A890001BA5D /* LoginUseCase.swift */; };
		731020282C2F2ABF0001BA5D /* User.swift in Sources */ = {isa = PBXBuildFile; fileRef = 731020272C2F2ABF0001BA5D /* User.swift */; };
		731020312C2F35A50001BA5D /* LoginTests.swift in Sources */ = {isa = PBXBuildFile; fileRef = 731020302C2F35A50001BA5D /* LoginTests.swift */; };
		731020382C2F45670001BA5D /* AuthServiceProtocol.swift in Sources */ = {isa = PBXBuildFile; fileRef = 731020372C2F45670001BA5D /* AuthServiceProtocol.swift */; };
		7310203C2C2F46210001BA5D /* MockAuthService.swift in Sources */ = {isa = PBXBuildFile; fileRef = 7310203B2C2F46210001BA5D /* MockAuthService.swift */; };
		7310203E2C2F47CC0001BA5D /* MockLoginUseCase.swift in Sources */ = {isa = PBXBuildFile; fileRef = 7310203D2C2F47CC0001BA5D /* MockLoginUseCase.swift */; };
		731020412C2F503E0001BA5D /* LoginError.swift in Sources */ = {isa = PBXBuildFile; fileRef = 731020402C2F503E0001BA5D /* LoginError.swift */; };
		731020432C2F5E840001BA5D /* GoogleService-Info.plist in Resources */ = {isa = PBXBuildFile; fileRef = 731020422C2F5E840001BA5D /* GoogleService-Info.plist */; };
		731020442C2F5E840001BA5D /* GoogleService-Info.plist in Resources */ = {isa = PBXBuildFile; fileRef = 731020422C2F5E840001BA5D /* GoogleService-Info.plist */; };
		731020472C2F5FE80001BA5D /* FirebaseAnalytics in Frameworks */ = {isa = PBXBuildFile; productRef = 731020462C2F5FE80001BA5D /* FirebaseAnalytics */; };
		731020492C2F5FE80001BA5D /* FirebaseAuth in Frameworks */ = {isa = PBXBuildFile; productRef = 731020482C2F5FE80001BA5D /* FirebaseAuth */; };
		7310204B2C2F612B0001BA5D /* FirebaseAuthService.swift in Sources */ = {isa = PBXBuildFile; fileRef = 7310204A2C2F612B0001BA5D /* FirebaseAuthService.swift */; };
		7310204F2C2F67450001BA5D /* UserSessionManager.swift in Sources */ = {isa = PBXBuildFile; fileRef = 7310204E2C2F67450001BA5D /* UserSessionManager.swift */; };
		7310205A2C2F6BB00001BA5D /* KeychainAccess in Frameworks */ = {isa = PBXBuildFile; productRef = 731020592C2F6BB00001BA5D /* KeychainAccess */; };
		7310205C2C2F70380001BA5D /* UserInfo.swift in Sources */ = {isa = PBXBuildFile; fileRef = 7310205B2C2F70380001BA5D /* UserInfo.swift */; };
		7310205F2C2F704E0001BA5D /* UserSession.swift in Sources */ = {isa = PBXBuildFile; fileRef = 7310205E2C2F704E0001BA5D /* UserSession.swift */; };
		731020622C2F70700001BA5D /* UserSessionManagerProtocol.swift in Sources */ = {isa = PBXBuildFile; fileRef = 731020612C2F70700001BA5D /* UserSessionManagerProtocol.swift */; };
		731020762C2FE6C30001BA5D /* MockUserSessionManager.swift in Sources */ = {isa = PBXBuildFile; fileRef = 731020722C2FDAF80001BA5D /* MockUserSessionManager.swift */; };
		732062332C396293000ECC93 /* SearchController.swift in Sources */ = {isa = PBXBuildFile; fileRef = 732062322C396293000ECC93 /* SearchController.swift */; };
		73246AEB2C3AAE43007E74C4 /* UIImage+Async.swift in Sources */ = {isa = PBXBuildFile; fileRef = 73246AEA2C3AAE43007E74C4 /* UIImage+Async.swift */; };
		732D72F92C32EA0600791A4B /* Category.swift in Sources */ = {isa = PBXBuildFile; fileRef = 732D72F82C32EA0600791A4B /* Category.swift */; };
		732D72FB2C32EB8000791A4B /* CategoriesViewModelTests.swift in Sources */ = {isa = PBXBuildFile; fileRef = 732D72FA2C32EB8000791A4B /* CategoriesViewModelTests.swift */; };
		732D72FE2C32ED0F00791A4B /* MockUserSessionManager.swift in Sources */ = {isa = PBXBuildFile; fileRef = 732D72FD2C32ED0F00791A4B /* MockUserSessionManager.swift */; };
		732D73022C33189D00791A4B /* CategoriesViewModelProtocol.swift in Sources */ = {isa = PBXBuildFile; fileRef = 732D73012C33189D00791A4B /* CategoriesViewModelProtocol.swift */; };
		732D73042C33192900791A4B /* CategoriesViewModel.swift in Sources */ = {isa = PBXBuildFile; fileRef = 732D73032C33192900791A4B /* CategoriesViewModel.swift */; };
		732D73072C3336CB00791A4B /* GetCategoriesUseCaseProtocol.swift in Sources */ = {isa = PBXBuildFile; fileRef = 732D73062C3336CB00791A4B /* GetCategoriesUseCaseProtocol.swift */; };
		732D73092C33371400791A4B /* GetCategoriesUseCase.swift in Sources */ = {isa = PBXBuildFile; fileRef = 732D73082C33371400791A4B /* GetCategoriesUseCase.swift */; };
		732D730B2C33376100791A4B /* MockGetCategoriesUseCase.swift in Sources */ = {isa = PBXBuildFile; fileRef = 732D730A2C33376100791A4B /* MockGetCategoriesUseCase.swift */; };
		732D730D2C33581200791A4B /* MockCategoriesCoordinator.swift in Sources */ = {isa = PBXBuildFile; fileRef = 732D730C2C33581200791A4B /* MockCategoriesCoordinator.swift */; };
		732D730F2C3358D100791A4B /* CategoriesCoordinatorProtocol.swift in Sources */ = {isa = PBXBuildFile; fileRef = 732D730E2C3358D100791A4B /* CategoriesCoordinatorProtocol.swift */; };
		738925DD2C4A79C700FC218A /* CategoryViewModelTests.swift in Sources */ = {isa = PBXBuildFile; fileRef = 738925DC2C4A79C700FC218A /* CategoryViewModelTests.swift */; };
		738925DF2C4A93AB00FC218A /* MockProducts.swift in Sources */ = {isa = PBXBuildFile; fileRef = 738925DE2C4A93AB00FC218A /* MockProducts.swift */; };
		738925E12C4A9E2300FC218A /* ProductTests.swift in Sources */ = {isa = PBXBuildFile; fileRef = 738925E02C4A9E2300FC218A /* ProductTests.swift */; };
		738925E32C4AA36700FC218A /* MockGetProductsUseCase.swift in Sources */ = {isa = PBXBuildFile; fileRef = 738925E22C4AA36700FC218A /* MockGetProductsUseCase.swift */; };
		738E88DD2C341EFC00AFB0DA /* CategoriesServiceProtocol.swift in Sources */ = {isa = PBXBuildFile; fileRef = 738E88DC2C341EFC00AFB0DA /* CategoriesServiceProtocol.swift */; };
		738E88DF2C34252500AFB0DA /* FirebaseCategoriesService.swift in Sources */ = {isa = PBXBuildFile; fileRef = 738E88DE2C34252500AFB0DA /* FirebaseCategoriesService.swift */; };
		738E88E12C34257D00AFB0DA /* FirebaseFirestore in Frameworks */ = {isa = PBXBuildFile; productRef = 738E88E02C34257D00AFB0DA /* FirebaseFirestore */; };
		738E88E32C344C7D00AFB0DA /* CategoriesViewControllerProtocol.swift in Sources */ = {isa = PBXBuildFile; fileRef = 738E88E22C344C7D00AFB0DA /* CategoriesViewControllerProtocol.swift */; };
		738E88E52C34541000AFB0DA /* MockCategoriesViewModel.swift in Sources */ = {isa = PBXBuildFile; fileRef = 738E88E42C34541000AFB0DA /* MockCategoriesViewModel.swift */; };
		738E88E82C345D9F00AFB0DA /* CategoryCollectionViewCell.swift in Sources */ = {isa = PBXBuildFile; fileRef = 738E88E72C345D9F00AFB0DA /* CategoryCollectionViewCell.swift */; };
		73AC2AED2C4083D200620CB6 /* ImageCache.swift in Sources */ = {isa = PBXBuildFile; fileRef = 73AC2AEC2C4083D200620CB6 /* ImageCache.swift */; };
		73AC2AEF2C4180B300620CB6 /* ImageLoader.swift in Sources */ = {isa = PBXBuildFile; fileRef = 73AC2AEE2C4180B300620CB6 /* ImageLoader.swift */; };
		73CF402B2C32E3C800D8DEFF /* CategoriesViewControllerTests.swift in Sources */ = {isa = PBXBuildFile; fileRef = 73CF402A2C32E3C800D8DEFF /* CategoriesViewControllerTests.swift */; };
		73CF402D2C32E87F00D8DEFF /* CategoriesTests.swift in Sources */ = {isa = PBXBuildFile; fileRef = 73CF402C2C32E87F00D8DEFF /* CategoriesTests.swift */; };
/* End PBXBuildFile section */

/* Begin PBXContainerItemProxy section */
		731020322C2F35A50001BA5D /* PBXContainerItemProxy */ = {
			isa = PBXContainerItemProxy;
			containerPortal = 73101FCD2C2DC0DB0001BA5D /* Project object */;
			proxyType = 1;
			remoteGlobalIDString = 73101FD42C2DC0DB0001BA5D;
			remoteInfo = Delivery;
		};
		73CF40232C32E12600D8DEFF /* PBXContainerItemProxy */ = {
			isa = PBXContainerItemProxy;
			containerPortal = 73101FCD2C2DC0DB0001BA5D /* Project object */;
			proxyType = 1;
			remoteGlobalIDString = 73101FD42C2DC0DB0001BA5D;
			remoteInfo = Delivery;
		};
/* End PBXContainerItemProxy section */

/* Begin PBXFileReference section */
		730FA1F72C39F4C100F94C6F /* UIViewController+Keyboard.swift */ = {isa = PBXFileReference; lastKnownFileType = sourcecode.swift; path = "UIViewController+Keyboard.swift"; sourceTree = "<group>"; };
		73101FD52C2DC0DB0001BA5D /* Delivery.app */ = {isa = PBXFileReference; explicitFileType = wrapper.application; includeInIndex = 0; path = Delivery.app; sourceTree = BUILT_PRODUCTS_DIR; };
		73101FD82C2DC0DB0001BA5D /* AppDelegate.swift */ = {isa = PBXFileReference; lastKnownFileType = sourcecode.swift; path = AppDelegate.swift; sourceTree = "<group>"; };
		73101FDA2C2DC0DB0001BA5D /* SceneDelegate.swift */ = {isa = PBXFileReference; lastKnownFileType = sourcecode.swift; path = SceneDelegate.swift; sourceTree = "<group>"; };
		73101FE12C2DC0DD0001BA5D /* Assets.xcassets */ = {isa = PBXFileReference; lastKnownFileType = folder.assetcatalog; path = Assets.xcassets; sourceTree = "<group>"; };
		73101FE42C2DC0DD0001BA5D /* Base */ = {isa = PBXFileReference; lastKnownFileType = file.storyboard; name = Base; path = Base.lproj/LaunchScreen.storyboard; sourceTree = "<group>"; };
		73101FE62C2DC0DD0001BA5D /* Info.plist */ = {isa = PBXFileReference; lastKnownFileType = text.plist.xml; path = Info.plist; sourceTree = "<group>"; };
		73101FEC2C2DC2230001BA5D /* WelcomeViewController.swift */ = {isa = PBXFileReference; lastKnownFileType = sourcecode.swift; path = WelcomeViewController.swift; sourceTree = "<group>"; };
		731020002C2ECF3F0001BA5D /* AppCoordinator.swift */ = {isa = PBXFileReference; lastKnownFileType = sourcecode.swift; path = AppCoordinator.swift; sourceTree = "<group>"; };
		731020022C2ECFAC0001BA5D /* Coordinator.swift */ = {isa = PBXFileReference; lastKnownFileType = sourcecode.swift; path = Coordinator.swift; sourceTree = "<group>"; };
		731020042C2ED5760001BA5D /* TabBarItems.swift */ = {isa = PBXFileReference; lastKnownFileType = sourcecode.swift; path = TabBarItems.swift; sourceTree = "<group>"; };
		731020072C2ED7BA0001BA5D /* MainTabBarCoordinator.swift */ = {isa = PBXFileReference; lastKnownFileType = sourcecode.swift; path = MainTabBarCoordinator.swift; sourceTree = "<group>"; };
		731020092C2ED9420001BA5D /* CategoriesCoordinator.swift */ = {isa = PBXFileReference; lastKnownFileType = sourcecode.swift; path = CategoriesCoordinator.swift; sourceTree = "<group>"; };
		7310200E2C2EDA270001BA5D /* CategoriesViewController.swift */ = {isa = PBXFileReference; lastKnownFileType = sourcecode.swift; path = CategoriesViewController.swift; sourceTree = "<group>"; };
		731020112C2EDB1B0001BA5D /* CartViewController.swift */ = {isa = PBXFileReference; lastKnownFileType = sourcecode.swift; path = CartViewController.swift; sourceTree = "<group>"; };
		731020142C2EDB3E0001BA5D /* ProfileViewController.swift */ = {isa = PBXFileReference; lastKnownFileType = sourcecode.swift; path = ProfileViewController.swift; sourceTree = "<group>"; };
		731020172C2EDC080001BA5D /* CartCoordinator.swift */ = {isa = PBXFileReference; lastKnownFileType = sourcecode.swift; path = CartCoordinator.swift; sourceTree = "<group>"; };
		731020192C2EDC3B0001BA5D /* ProfileCoordinator.swift */ = {isa = PBXFileReference; lastKnownFileType = sourcecode.swift; path = ProfileCoordinator.swift; sourceTree = "<group>"; };
		7310201B2C2EE83C0001BA5D /* WelcomeCoordinator.swift */ = {isa = PBXFileReference; lastKnownFileType = sourcecode.swift; path = WelcomeCoordinator.swift; sourceTree = "<group>"; };
		7310201E2C2EF04E0001BA5D /* WelcomeViewModel.swift */ = {isa = PBXFileReference; lastKnownFileType = sourcecode.swift; path = WelcomeViewModel.swift; sourceTree = "<group>"; };
		731020202C2F085E0001BA5D /* UITextField+Publisher.swift */ = {isa = PBXFileReference; lastKnownFileType = sourcecode.swift; path = "UITextField+Publisher.swift"; sourceTree = "<group>"; };
		731020222C2F1AD60001BA5D /* ObservableValue.swift */ = {isa = PBXFileReference; lastKnownFileType = sourcecode.swift; path = ObservableValue.swift; sourceTree = "<group>"; };
		731020252C2F2A890001BA5D /* LoginUseCase.swift */ = {isa = PBXFileReference; lastKnownFileType = sourcecode.swift; path = LoginUseCase.swift; sourceTree = "<group>"; };
		731020272C2F2ABF0001BA5D /* User.swift */ = {isa = PBXFileReference; lastKnownFileType = sourcecode.swift; path = User.swift; sourceTree = "<group>"; };
		7310202E2C2F35A50001BA5D /* LoginTest.xctest */ = {isa = PBXFileReference; explicitFileType = wrapper.cfbundle; includeInIndex = 0; path = LoginTest.xctest; sourceTree = BUILT_PRODUCTS_DIR; };
		731020302C2F35A50001BA5D /* LoginTests.swift */ = {isa = PBXFileReference; lastKnownFileType = sourcecode.swift; path = LoginTests.swift; sourceTree = "<group>"; };
		731020372C2F45670001BA5D /* AuthServiceProtocol.swift */ = {isa = PBXFileReference; lastKnownFileType = sourcecode.swift; path = AuthServiceProtocol.swift; sourceTree = "<group>"; };
		7310203B2C2F46210001BA5D /* MockAuthService.swift */ = {isa = PBXFileReference; lastKnownFileType = sourcecode.swift; path = MockAuthService.swift; sourceTree = "<group>"; };
		7310203D2C2F47CC0001BA5D /* MockLoginUseCase.swift */ = {isa = PBXFileReference; lastKnownFileType = sourcecode.swift; path = MockLoginUseCase.swift; sourceTree = "<group>"; };
		731020402C2F503E0001BA5D /* LoginError.swift */ = {isa = PBXFileReference; lastKnownFileType = sourcecode.swift; path = LoginError.swift; sourceTree = "<group>"; };
		731020422C2F5E840001BA5D /* GoogleService-Info.plist */ = {isa = PBXFileReference; fileEncoding = 4; lastKnownFileType = text.plist.xml; path = "GoogleService-Info.plist"; sourceTree = "<group>"; };
		7310204A2C2F612B0001BA5D /* FirebaseAuthService.swift */ = {isa = PBXFileReference; lastKnownFileType = sourcecode.swift; path = FirebaseAuthService.swift; sourceTree = "<group>"; };
		7310204E2C2F67450001BA5D /* UserSessionManager.swift */ = {isa = PBXFileReference; lastKnownFileType = sourcecode.swift; path = UserSessionManager.swift; sourceTree = "<group>"; };
		7310205B2C2F70380001BA5D /* UserInfo.swift */ = {isa = PBXFileReference; lastKnownFileType = sourcecode.swift; path = UserInfo.swift; sourceTree = "<group>"; };
		7310205E2C2F704E0001BA5D /* UserSession.swift */ = {isa = PBXFileReference; lastKnownFileType = sourcecode.swift; path = UserSession.swift; sourceTree = "<group>"; };
		731020612C2F70700001BA5D /* UserSessionManagerProtocol.swift */ = {isa = PBXFileReference; lastKnownFileType = sourcecode.swift; path = UserSessionManagerProtocol.swift; sourceTree = "<group>"; };
		731020722C2FDAF80001BA5D /* MockUserSessionManager.swift */ = {isa = PBXFileReference; lastKnownFileType = sourcecode.swift; path = MockUserSessionManager.swift; sourceTree = "<group>"; };
		732062322C396293000ECC93 /* SearchController.swift */ = {isa = PBXFileReference; lastKnownFileType = sourcecode.swift; path = SearchController.swift; sourceTree = "<group>"; };
		73246AEA2C3AAE43007E74C4 /* UIImage+Async.swift */ = {isa = PBXFileReference; lastKnownFileType = sourcecode.swift; path = "UIImage+Async.swift"; sourceTree = "<group>"; };
		732D72F82C32EA0600791A4B /* Category.swift */ = {isa = PBXFileReference; lastKnownFileType = sourcecode.swift; path = Category.swift; sourceTree = "<group>"; };
		732D72FA2C32EB8000791A4B /* CategoriesViewModelTests.swift */ = {isa = PBXFileReference; lastKnownFileType = sourcecode.swift; path = CategoriesViewModelTests.swift; sourceTree = "<group>"; };
		732D72FD2C32ED0F00791A4B /* MockUserSessionManager.swift */ = {isa = PBXFileReference; lastKnownFileType = sourcecode.swift; path = MockUserSessionManager.swift; sourceTree = "<group>"; };
		732D73012C33189D00791A4B /* CategoriesViewModelProtocol.swift */ = {isa = PBXFileReference; lastKnownFileType = sourcecode.swift; path = CategoriesViewModelProtocol.swift; sourceTree = "<group>"; };
		732D73032C33192900791A4B /* CategoriesViewModel.swift */ = {isa = PBXFileReference; lastKnownFileType = sourcecode.swift; path = CategoriesViewModel.swift; sourceTree = "<group>"; };
		732D73062C3336CB00791A4B /* GetCategoriesUseCaseProtocol.swift */ = {isa = PBXFileReference; lastKnownFileType = sourcecode.swift; path = GetCategoriesUseCaseProtocol.swift; sourceTree = "<group>"; };
		732D73082C33371400791A4B /* GetCategoriesUseCase.swift */ = {isa = PBXFileReference; lastKnownFileType = sourcecode.swift; path = GetCategoriesUseCase.swift; sourceTree = "<group>"; };
		732D730A2C33376100791A4B /* MockGetCategoriesUseCase.swift */ = {isa = PBXFileReference; lastKnownFileType = sourcecode.swift; path = MockGetCategoriesUseCase.swift; sourceTree = "<group>"; };
		732D730C2C33581200791A4B /* MockCategoriesCoordinator.swift */ = {isa = PBXFileReference; lastKnownFileType = sourcecode.swift; path = MockCategoriesCoordinator.swift; sourceTree = "<group>"; };
		732D730E2C3358D100791A4B /* CategoriesCoordinatorProtocol.swift */ = {isa = PBXFileReference; lastKnownFileType = sourcecode.swift; path = CategoriesCoordinatorProtocol.swift; sourceTree = "<group>"; };
		738925DC2C4A79C700FC218A /* CategoryViewModelTests.swift */ = {isa = PBXFileReference; lastKnownFileType = sourcecode.swift; path = CategoryViewModelTests.swift; sourceTree = "<group>"; };
		738925DE2C4A93AB00FC218A /* MockProducts.swift */ = {isa = PBXFileReference; lastKnownFileType = sourcecode.swift; path = MockProducts.swift; sourceTree = "<group>"; };
		738925E02C4A9E2300FC218A /* ProductTests.swift */ = {isa = PBXFileReference; lastKnownFileType = sourcecode.swift; path = ProductTests.swift; sourceTree = "<group>"; };
		738925E22C4AA36700FC218A /* MockGetProductsUseCase.swift */ = {isa = PBXFileReference; lastKnownFileType = sourcecode.swift; path = MockGetProductsUseCase.swift; sourceTree = "<group>"; };
		738E88DC2C341EFC00AFB0DA /* CategoriesServiceProtocol.swift */ = {isa = PBXFileReference; lastKnownFileType = sourcecode.swift; path = CategoriesServiceProtocol.swift; sourceTree = "<group>"; };
		738E88DE2C34252500AFB0DA /* FirebaseCategoriesService.swift */ = {isa = PBXFileReference; lastKnownFileType = sourcecode.swift; path = FirebaseCategoriesService.swift; sourceTree = "<group>"; };
		738E88E22C344C7D00AFB0DA /* CategoriesViewControllerProtocol.swift */ = {isa = PBXFileReference; lastKnownFileType = sourcecode.swift; path = CategoriesViewControllerProtocol.swift; sourceTree = "<group>"; };
		738E88E42C34541000AFB0DA /* MockCategoriesViewModel.swift */ = {isa = PBXFileReference; lastKnownFileType = sourcecode.swift; path = MockCategoriesViewModel.swift; sourceTree = "<group>"; };
		738E88E72C345D9F00AFB0DA /* CategoryCollectionViewCell.swift */ = {isa = PBXFileReference; lastKnownFileType = sourcecode.swift; path = CategoryCollectionViewCell.swift; sourceTree = "<group>"; };
		73AC2AEC2C4083D200620CB6 /* ImageCache.swift */ = {isa = PBXFileReference; lastKnownFileType = sourcecode.swift; path = ImageCache.swift; sourceTree = "<group>"; };
		73AC2AEE2C4180B300620CB6 /* ImageLoader.swift */ = {isa = PBXFileReference; lastKnownFileType = sourcecode.swift; path = ImageLoader.swift; sourceTree = "<group>"; };
		73CF401F2C32E12600D8DEFF /* CategoriesTests.xctest */ = {isa = PBXFileReference; explicitFileType = wrapper.cfbundle; includeInIndex = 0; path = CategoriesTests.xctest; sourceTree = BUILT_PRODUCTS_DIR; };
		73CF402A2C32E3C800D8DEFF /* CategoriesViewControllerTests.swift */ = {isa = PBXFileReference; lastKnownFileType = sourcecode.swift; path = CategoriesViewControllerTests.swift; sourceTree = "<group>"; };
		73CF402C2C32E87F00D8DEFF /* CategoriesTests.swift */ = {isa = PBXFileReference; lastKnownFileType = sourcecode.swift; path = CategoriesTests.swift; sourceTree = "<group>"; };
/* End PBXFileReference section */

/* Begin PBXFrameworksBuildPhase section */
		73101FD22C2DC0DB0001BA5D /* Frameworks */ = {
			isa = PBXFrameworksBuildPhase;
			buildActionMask = 2147483647;
			files = (
				731020472C2F5FE80001BA5D /* FirebaseAnalytics in Frameworks */,
				738E88E12C34257D00AFB0DA /* FirebaseFirestore in Frameworks */,
				731020492C2F5FE80001BA5D /* FirebaseAuth in Frameworks */,
				7310205A2C2F6BB00001BA5D /* KeychainAccess in Frameworks */,
			);
			runOnlyForDeploymentPostprocessing = 0;
		};
		7310202B2C2F35A50001BA5D /* Frameworks */ = {
			isa = PBXFrameworksBuildPhase;
			buildActionMask = 2147483647;
			files = (
			);
			runOnlyForDeploymentPostprocessing = 0;
		};
		73CF401C2C32E12600D8DEFF /* Frameworks */ = {
			isa = PBXFrameworksBuildPhase;
			buildActionMask = 2147483647;
			files = (
			);
			runOnlyForDeploymentPostprocessing = 0;
		};
/* End PBXFrameworksBuildPhase section */

/* Begin PBXGroup section */
		73101FCC2C2DC0DB0001BA5D = {
			isa = PBXGroup;
			children = (
				73101FD72C2DC0DB0001BA5D /* Delivery */,
				7310202F2C2F35A50001BA5D /* LoginTest */,
				73CF40202C32E12600D8DEFF /* CategoriesTests */,
				73101FD62C2DC0DB0001BA5D /* Products */,
			);
			sourceTree = "<group>";
		};
		73101FD62C2DC0DB0001BA5D /* Products */ = {
			isa = PBXGroup;
			children = (
				73101FD52C2DC0DB0001BA5D /* Delivery.app */,
				7310202E2C2F35A50001BA5D /* LoginTest.xctest */,
				73CF401F2C32E12600D8DEFF /* CategoriesTests.xctest */,
			);
			name = Products;
			sourceTree = "<group>";
		};
		73101FD72C2DC0DB0001BA5D /* Delivery */ = {
			isa = PBXGroup;
			children = (
				731020422C2F5E840001BA5D /* GoogleService-Info.plist */,
				73101FEE2C2ECD910001BA5D /* AppLayer */,
				73101FEF2C2ECDBE0001BA5D /* PresentationLayer */,
				73101FF42C2ECE210001BA5D /* DomainLayer */,
				73101FF82C2ECE6C0001BA5D /* DataLayer */,
				73101FFC2C2ECEC00001BA5D /* CommonLayer */,
				73101FE12C2DC0DD0001BA5D /* Assets.xcassets */,
				73101FE32C2DC0DD0001BA5D /* LaunchScreen.storyboard */,
				73101FE62C2DC0DD0001BA5D /* Info.plist */,
			);
			path = Delivery;
			sourceTree = "<group>";
		};
		73101FEE2C2ECD910001BA5D /* AppLayer */ = {
			isa = PBXGroup;
			children = (
				73101FD82C2DC0DB0001BA5D /* AppDelegate.swift */,
				73101FDA2C2DC0DB0001BA5D /* SceneDelegate.swift */,
				731020002C2ECF3F0001BA5D /* AppCoordinator.swift */,
			);
			path = AppLayer;
			sourceTree = "<group>";
		};
		73101FEF2C2ECDBE0001BA5D /* PresentationLayer */ = {
			isa = PBXGroup;
			children = (
				732062342C39DEAB000ECC93 /* Views */,
				73101FF02C2ECDE80001BA5D /* Modules */,
				73101FF32C2ECE0A0001BA5D /* Navigation */,
			);
			path = PresentationLayer;
			sourceTree = "<group>";
		};
		73101FF02C2ECDE80001BA5D /* Modules */ = {
			isa = PBXGroup;
			children = (
				7310201D2C2EEDFC0001BA5D /* MainTabBar */,
				731020162C2EDB770001BA5D /* Welcome */,
				7310200B2C2ED9D20001BA5D /* Categories */,
				731020102C2EDB080001BA5D /* Cart */,
				731020132C2EDB310001BA5D /* Profile */,
			);
			path = Modules;
			sourceTree = "<group>";
		};
		73101FF32C2ECE0A0001BA5D /* Navigation */ = {
			isa = PBXGroup;
			children = (
				731020022C2ECFAC0001BA5D /* Coordinator.swift */,
			);
			path = Navigation;
			sourceTree = "<group>";
		};
		73101FF42C2ECE210001BA5D /* DomainLayer */ = {
			isa = PBXGroup;
			children = (
				73101FF52C2ECE2A0001BA5D /* UseCases */,
				73101FF62C2ECE380001BA5D /* Entities */,
			);
			path = DomainLayer;
			sourceTree = "<group>";
		};
		73101FF52C2ECE2A0001BA5D /* UseCases */ = {
			isa = PBXGroup;
			children = (
				732D73052C3336BC00791A4B /* Categories */,
				731020242C2F2A730001BA5D /* Login */,
			);
			path = UseCases;
			sourceTree = "<group>";
		};
		73101FF62C2ECE380001BA5D /* Entities */ = {
			isa = PBXGroup;
			children = (
				731020272C2F2ABF0001BA5D /* User.swift */,
				732D72F82C32EA0600791A4B /* Category.swift */,
			);
			path = Entities;
			sourceTree = "<group>";
		};
		73101FF82C2ECE6C0001BA5D /* DataLayer */ = {
			isa = PBXGroup;
			children = (
				73101FF92C2ECE8D0001BA5D /* Repositories */,
				7310203F2C2F50210001BA5D /* Models */,
				7310204D2C2F67190001BA5D /* Services */,
			);
			path = DataLayer;
			sourceTree = "<group>";
		};
		73101FF92C2ECE8D0001BA5D /* Repositories */ = {
			isa = PBXGroup;
			children = (
				731020372C2F45670001BA5D /* AuthServiceProtocol.swift */,
				7310204A2C2F612B0001BA5D /* FirebaseAuthService.swift */,
				738E88DC2C341EFC00AFB0DA /* CategoriesServiceProtocol.swift */,
				738E88DE2C34252500AFB0DA /* FirebaseCategoriesService.swift */,
			);
			path = Repositories;
			sourceTree = "<group>";
		};
		73101FFC2C2ECEC00001BA5D /* CommonLayer */ = {
			isa = PBXGroup;
			children = (
				73101FFD2C2ECEC70001BA5D /* Utilities */,
				73101FFE2C2ECED00001BA5D /* Extensions */,
				73101FFF2C2ECEDB0001BA5D /* Helpers */,
			);
			path = CommonLayer;
			sourceTree = "<group>";
		};
		73101FFD2C2ECEC70001BA5D /* Utilities */ = {
			isa = PBXGroup;
			children = (
				731020222C2F1AD60001BA5D /* ObservableValue.swift */,
				73AC2AEC2C4083D200620CB6 /* ImageCache.swift */,
				73AC2AEE2C4180B300620CB6 /* ImageLoader.swift */,
			);
			path = Utilities;
			sourceTree = "<group>";
		};
		73101FFE2C2ECED00001BA5D /* Extensions */ = {
			isa = PBXGroup;
			children = (
				731020202C2F085E0001BA5D /* UITextField+Publisher.swift */,
				730FA1F72C39F4C100F94C6F /* UIViewController+Keyboard.swift */,
				73246AEA2C3AAE43007E74C4 /* UIImage+Async.swift */,
			);
			path = Extensions;
			sourceTree = "<group>";
		};
		73101FFF2C2ECEDB0001BA5D /* Helpers */ = {
			isa = PBXGroup;
			children = (
			);
			path = Helpers;
			sourceTree = "<group>";
		};
		7310200B2C2ED9D20001BA5D /* Categories */ = {
			isa = PBXGroup;
			children = (
				738E88E62C345D7E00AFB0DA /* Cells */,
				738E88E22C344C7D00AFB0DA /* CategoriesViewControllerProtocol.swift */,
				7310200E2C2EDA270001BA5D /* CategoriesViewController.swift */,
				732D730E2C3358D100791A4B /* CategoriesCoordinatorProtocol.swift */,
				731020092C2ED9420001BA5D /* CategoriesCoordinator.swift */,
				732D73012C33189D00791A4B /* CategoriesViewModelProtocol.swift */,
				732D73032C33192900791A4B /* CategoriesViewModel.swift */,
			);
			path = Categories;
			sourceTree = "<group>";
		};
		731020102C2EDB080001BA5D /* Cart */ = {
			isa = PBXGroup;
			children = (
				731020112C2EDB1B0001BA5D /* CartViewController.swift */,
				731020172C2EDC080001BA5D /* CartCoordinator.swift */,
			);
			path = Cart;
			sourceTree = "<group>";
		};
		731020132C2EDB310001BA5D /* Profile */ = {
			isa = PBXGroup;
			children = (
				731020142C2EDB3E0001BA5D /* ProfileViewController.swift */,
				731020192C2EDC3B0001BA5D /* ProfileCoordinator.swift */,
			);
			path = Profile;
			sourceTree = "<group>";
		};
		731020162C2EDB770001BA5D /* Welcome */ = {
			isa = PBXGroup;
			children = (
				73101FEC2C2DC2230001BA5D /* WelcomeViewController.swift */,
				7310201B2C2EE83C0001BA5D /* WelcomeCoordinator.swift */,
				7310201E2C2EF04E0001BA5D /* WelcomeViewModel.swift */,
			);
			path = Welcome;
			sourceTree = "<group>";
		};
		7310201D2C2EEDFC0001BA5D /* MainTabBar */ = {
			isa = PBXGroup;
			children = (
				731020042C2ED5760001BA5D /* TabBarItems.swift */,
				731020072C2ED7BA0001BA5D /* MainTabBarCoordinator.swift */,
			);
			path = MainTabBar;
			sourceTree = "<group>";
		};
		731020242C2F2A730001BA5D /* Login */ = {
			isa = PBXGroup;
			children = (
				731020252C2F2A890001BA5D /* LoginUseCase.swift */,
			);
			path = Login;
			sourceTree = "<group>";
		};
		7310202F2C2F35A50001BA5D /* LoginTest */ = {
			isa = PBXGroup;
			children = (
				731020392C2F45E80001BA5D /* Mocks */,
				731020302C2F35A50001BA5D /* LoginTests.swift */,
			);
			path = LoginTest;
			sourceTree = "<group>";
		};
		731020392C2F45E80001BA5D /* Mocks */ = {
			isa = PBXGroup;
			children = (
				731020722C2FDAF80001BA5D /* MockUserSessionManager.swift */,
				7310203B2C2F46210001BA5D /* MockAuthService.swift */,
				7310203D2C2F47CC0001BA5D /* MockLoginUseCase.swift */,
			);
			path = Mocks;
			sourceTree = "<group>";
		};
		7310203F2C2F50210001BA5D /* Models */ = {
			isa = PBXGroup;
			children = (
				731020402C2F503E0001BA5D /* LoginError.swift */,
				7310205B2C2F70380001BA5D /* UserInfo.swift */,
				7310205E2C2F704E0001BA5D /* UserSession.swift */,
			);
			path = Models;
			sourceTree = "<group>";
		};
		7310204D2C2F67190001BA5D /* Services */ = {
			isa = PBXGroup;
			children = (
				731020612C2F70700001BA5D /* UserSessionManagerProtocol.swift */,
				7310204E2C2F67450001BA5D /* UserSessionManager.swift */,
			);
			path = Services;
			sourceTree = "<group>";
		};
		732062342C39DEAB000ECC93 /* Views */ = {
			isa = PBXGroup;
			children = (
				732062322C396293000ECC93 /* SearchController.swift */,
			);
			path = Views;
			sourceTree = "<group>";
		};
		732D72FC2C32ECFF00791A4B /* Mocks */ = {
			isa = PBXGroup;
			children = (
				732D72FD2C32ED0F00791A4B /* MockUserSessionManager.swift */,
				732D730A2C33376100791A4B /* MockGetCategoriesUseCase.swift */,
				732D730C2C33581200791A4B /* MockCategoriesCoordinator.swift */,
				738E88E42C34541000AFB0DA /* MockCategoriesViewModel.swift */,
				738925DE2C4A93AB00FC218A /* MockProducts.swift */,
				738925E22C4AA36700FC218A /* MockGetProductsUseCase.swift */,
			);
			path = Mocks;
			sourceTree = "<group>";
		};
		732D73052C3336BC00791A4B /* Categories */ = {
			isa = PBXGroup;
			children = (
				732D73062C3336CB00791A4B /* GetCategoriesUseCaseProtocol.swift */,
				732D73082C33371400791A4B /* GetCategoriesUseCase.swift */,
			);
			path = Categories;
			sourceTree = "<group>";
		};
		738E88E62C345D7E00AFB0DA /* Cells */ = {
			isa = PBXGroup;
			children = (
				738E88E72C345D9F00AFB0DA /* CategoryCollectionViewCell.swift */,
			);
			path = Cells;
			sourceTree = "<group>";
		};
		73CF40202C32E12600D8DEFF /* CategoriesTests */ = {
			isa = PBXGroup;
			children = (
				732D72FC2C32ECFF00791A4B /* Mocks */,
				73CF402A2C32E3C800D8DEFF /* CategoriesViewControllerTests.swift */,
				73CF402C2C32E87F00D8DEFF /* CategoriesTests.swift */,
				732D72FA2C32EB8000791A4B /* CategoriesViewModelTests.swift */,
				738925DC2C4A79C700FC218A /* CategoryViewModelTests.swift */,
				738925E02C4A9E2300FC218A /* ProductTests.swift */,
			);
			path = CategoriesTests;
			sourceTree = "<group>";
		};
/* End PBXGroup section */

/* Begin PBXNativeTarget section */
		73101FD42C2DC0DB0001BA5D /* Delivery */ = {
			isa = PBXNativeTarget;
			buildConfigurationList = 73101FE92C2DC0DD0001BA5D /* Build configuration list for PBXNativeTarget "Delivery" */;
			buildPhases = (
				73101FD12C2DC0DB0001BA5D /* Sources */,
				73101FD22C2DC0DB0001BA5D /* Frameworks */,
				73101FD32C2DC0DB0001BA5D /* Resources */,
			);
			buildRules = (
			);
			dependencies = (
			);
			name = Delivery;
			packageProductDependencies = (
				731020462C2F5FE80001BA5D /* FirebaseAnalytics */,
				731020482C2F5FE80001BA5D /* FirebaseAuth */,
				731020592C2F6BB00001BA5D /* KeychainAccess */,
				738E88E02C34257D00AFB0DA /* FirebaseFirestore */,
			);
			productName = Delivery;
			productReference = 73101FD52C2DC0DB0001BA5D /* Delivery.app */;
			productType = "com.apple.product-type.application";
		};
		7310202D2C2F35A50001BA5D /* LoginTest */ = {
			isa = PBXNativeTarget;
			buildConfigurationList = 731020342C2F35A50001BA5D /* Build configuration list for PBXNativeTarget "LoginTest" */;
			buildPhases = (
				7310202A2C2F35A50001BA5D /* Sources */,
				7310202B2C2F35A50001BA5D /* Frameworks */,
				7310202C2C2F35A50001BA5D /* Resources */,
			);
			buildRules = (
			);
			dependencies = (
				731020332C2F35A50001BA5D /* PBXTargetDependency */,
			);
			name = LoginTest;
			productName = LoginTest;
			productReference = 7310202E2C2F35A50001BA5D /* LoginTest.xctest */;
			productType = "com.apple.product-type.bundle.unit-test";
		};
		73CF401E2C32E12600D8DEFF /* CategoriesTests */ = {
			isa = PBXNativeTarget;
			buildConfigurationList = 73CF40272C32E12600D8DEFF /* Build configuration list for PBXNativeTarget "CategoriesTests" */;
			buildPhases = (
				73CF401B2C32E12600D8DEFF /* Sources */,
				73CF401C2C32E12600D8DEFF /* Frameworks */,
				73CF401D2C32E12600D8DEFF /* Resources */,
			);
			buildRules = (
			);
			dependencies = (
				73CF40242C32E12600D8DEFF /* PBXTargetDependency */,
			);
			name = CategoriesTests;
			productName = CategoriesTests;
			productReference = 73CF401F2C32E12600D8DEFF /* CategoriesTests.xctest */;
			productType = "com.apple.product-type.bundle.unit-test";
		};
/* End PBXNativeTarget section */

/* Begin PBXProject section */
		73101FCD2C2DC0DB0001BA5D /* Project object */ = {
			isa = PBXProject;
			attributes = {
				BuildIndependentTargetsInParallel = 1;
				LastSwiftUpdateCheck = 1540;
				LastUpgradeCheck = 1540;
				TargetAttributes = {
					73101FD42C2DC0DB0001BA5D = {
						CreatedOnToolsVersion = 15.4;
					};
					7310202D2C2F35A50001BA5D = {
						CreatedOnToolsVersion = 15.4;
						TestTargetID = 73101FD42C2DC0DB0001BA5D;
					};
					73CF401E2C32E12600D8DEFF = {
						CreatedOnToolsVersion = 15.4;
						TestTargetID = 73101FD42C2DC0DB0001BA5D;
					};
				};
			};
			buildConfigurationList = 73101FD02C2DC0DB0001BA5D /* Build configuration list for PBXProject "Delivery" */;
			compatibilityVersion = "Xcode 14.0";
			developmentRegion = en;
			hasScannedForEncodings = 0;
			knownRegions = (
				en,
				Base,
			);
			mainGroup = 73101FCC2C2DC0DB0001BA5D;
			packageReferences = (
				731020452C2F5FE80001BA5D /* XCRemoteSwiftPackageReference "firebase-ios-sdk" */,
				731020582C2F6BB00001BA5D /* XCRemoteSwiftPackageReference "KeychainAccess" */,
			);
			productRefGroup = 73101FD62C2DC0DB0001BA5D /* Products */;
			projectDirPath = "";
			projectRoot = "";
			targets = (
				73101FD42C2DC0DB0001BA5D /* Delivery */,
				7310202D2C2F35A50001BA5D /* LoginTest */,
				73CF401E2C32E12600D8DEFF /* CategoriesTests */,
			);
		};
/* End PBXProject section */

/* Begin PBXResourcesBuildPhase section */
		73101FD32C2DC0DB0001BA5D /* Resources */ = {
			isa = PBXResourcesBuildPhase;
			buildActionMask = 2147483647;
			files = (
				73101FE22C2DC0DD0001BA5D /* Assets.xcassets in Resources */,
				73101FE52C2DC0DD0001BA5D /* Base in Resources */,
				731020432C2F5E840001BA5D /* GoogleService-Info.plist in Resources */,
			);
			runOnlyForDeploymentPostprocessing = 0;
		};
		7310202C2C2F35A50001BA5D /* Resources */ = {
			isa = PBXResourcesBuildPhase;
			buildActionMask = 2147483647;
			files = (
				731020442C2F5E840001BA5D /* GoogleService-Info.plist in Resources */,
			);
			runOnlyForDeploymentPostprocessing = 0;
		};
		73CF401D2C32E12600D8DEFF /* Resources */ = {
			isa = PBXResourcesBuildPhase;
			buildActionMask = 2147483647;
			files = (
			);
			runOnlyForDeploymentPostprocessing = 0;
		};
/* End PBXResourcesBuildPhase section */

/* Begin PBXSourcesBuildPhase section */
		73101FD12C2DC0DB0001BA5D /* Sources */ = {
			isa = PBXSourcesBuildPhase;
			buildActionMask = 2147483647;
			files = (
				7310200A2C2ED9420001BA5D /* CategoriesCoordinator.swift in Sources */,
				7310201F2C2EF04E0001BA5D /* WelcomeViewModel.swift in Sources */,
				731020012C2ECF3F0001BA5D /* AppCoordinator.swift in Sources */,
				731020622C2F70700001BA5D /* UserSessionManagerProtocol.swift in Sources */,
				730FA1F82C39F4C100F94C6F /* UIViewController+Keyboard.swift in Sources */,
				738E88E82C345D9F00AFB0DA /* CategoryCollectionViewCell.swift in Sources */,
				732062332C396293000ECC93 /* SearchController.swift in Sources */,
				7310204F2C2F67450001BA5D /* UserSessionManager.swift in Sources */,
				7310205C2C2F70380001BA5D /* UserInfo.swift in Sources */,
				732D73092C33371400791A4B /* GetCategoriesUseCase.swift in Sources */,
				738E88E32C344C7D00AFB0DA /* CategoriesViewControllerProtocol.swift in Sources */,
				738E88DF2C34252500AFB0DA /* FirebaseCategoriesService.swift in Sources */,
				732D73042C33192900791A4B /* CategoriesViewModel.swift in Sources */,
				731020122C2EDB1B0001BA5D /* CartViewController.swift in Sources */,
				7310205F2C2F704E0001BA5D /* UserSession.swift in Sources */,
				732D730F2C3358D100791A4B /* CategoriesCoordinatorProtocol.swift in Sources */,
				7310204B2C2F612B0001BA5D /* FirebaseAuthService.swift in Sources */,
				7310201C2C2EE83C0001BA5D /* WelcomeCoordinator.swift in Sources */,
				7310200F2C2EDA270001BA5D /* CategoriesViewController.swift in Sources */,
				731020212C2F085E0001BA5D /* UITextField+Publisher.swift in Sources */,
				73101FED2C2DC2230001BA5D /* WelcomeViewController.swift in Sources */,
				73246AEB2C3AAE43007E74C4 /* UIImage+Async.swift in Sources */,
				731020082C2ED7BA0001BA5D /* MainTabBarCoordinator.swift in Sources */,
				731020152C2EDB3E0001BA5D /* ProfileViewController.swift in Sources */,
				738E88DD2C341EFC00AFB0DA /* CategoriesServiceProtocol.swift in Sources */,
				731020052C2ED5760001BA5D /* TabBarItems.swift in Sources */,
				73AC2AED2C4083D200620CB6 /* ImageCache.swift in Sources */,
				732D73022C33189D00791A4B /* CategoriesViewModelProtocol.swift in Sources */,
				731020232C2F1AD60001BA5D /* ObservableValue.swift in Sources */,
				7310201A2C2EDC3B0001BA5D /* ProfileCoordinator.swift in Sources */,
				731020382C2F45670001BA5D /* AuthServiceProtocol.swift in Sources */,
				731020032C2ECFAC0001BA5D /* Coordinator.swift in Sources */,
				73101FD92C2DC0DB0001BA5D /* AppDelegate.swift in Sources */,
				731020182C2EDC080001BA5D /* CartCoordinator.swift in Sources */,
				73AC2AEF2C4180B300620CB6 /* ImageLoader.swift in Sources */,
				73101FDB2C2DC0DB0001BA5D /* SceneDelegate.swift in Sources */,
				732D72F92C32EA0600791A4B /* Category.swift in Sources */,
				732D73072C3336CB00791A4B /* GetCategoriesUseCaseProtocol.swift in Sources */,
				731020262C2F2A890001BA5D /* LoginUseCase.swift in Sources */,
				731020282C2F2ABF0001BA5D /* User.swift in Sources */,
				731020412C2F503E0001BA5D /* LoginError.swift in Sources */,
			);
			runOnlyForDeploymentPostprocessing = 0;
		};
		7310202A2C2F35A50001BA5D /* Sources */ = {
			isa = PBXSourcesBuildPhase;
			buildActionMask = 2147483647;
			files = (
				731020312C2F35A50001BA5D /* LoginTests.swift in Sources */,
				7310203E2C2F47CC0001BA5D /* MockLoginUseCase.swift in Sources */,
				7310203C2C2F46210001BA5D /* MockAuthService.swift in Sources */,
				731020762C2FE6C30001BA5D /* MockUserSessionManager.swift in Sources */,
			);
			runOnlyForDeploymentPostprocessing = 0;
		};
		73CF401B2C32E12600D8DEFF /* Sources */ = {
			isa = PBXSourcesBuildPhase;
			buildActionMask = 2147483647;
			files = (
				732D72FB2C32EB8000791A4B /* CategoriesViewModelTests.swift in Sources */,
				73CF402B2C32E3C800D8DEFF /* CategoriesViewControllerTests.swift in Sources */,
				732D730D2C33581200791A4B /* MockCategoriesCoordinator.swift in Sources */,
				73CF402D2C32E87F00D8DEFF /* CategoriesTests.swift in Sources */,
				738925DD2C4A79C700FC218A /* CategoryViewModelTests.swift in Sources */,
				738925E32C4AA36700FC218A /* MockGetProductsUseCase.swift in Sources */,
				738925DF2C4A93AB00FC218A /* MockProducts.swift in Sources */,
				732D72FE2C32ED0F00791A4B /* MockUserSessionManager.swift in Sources */,
				738E88E52C34541000AFB0DA /* MockCategoriesViewModel.swift in Sources */,
				732D730B2C33376100791A4B /* MockGetCategoriesUseCase.swift in Sources */,
				738925E12C4A9E2300FC218A /* ProductTests.swift in Sources */,
			);
			runOnlyForDeploymentPostprocessing = 0;
		};
/* End PBXSourcesBuildPhase section */

/* Begin PBXTargetDependency section */
		731020332C2F35A50001BA5D /* PBXTargetDependency */ = {
			isa = PBXTargetDependency;
			target = 73101FD42C2DC0DB0001BA5D /* Delivery */;
			targetProxy = 731020322C2F35A50001BA5D /* PBXContainerItemProxy */;
		};
		73CF40242C32E12600D8DEFF /* PBXTargetDependency */ = {
			isa = PBXTargetDependency;
			target = 73101FD42C2DC0DB0001BA5D /* Delivery */;
			targetProxy = 73CF40232C32E12600D8DEFF /* PBXContainerItemProxy */;
		};
/* End PBXTargetDependency section */

/* Begin PBXVariantGroup section */
		73101FE32C2DC0DD0001BA5D /* LaunchScreen.storyboard */ = {
			isa = PBXVariantGroup;
			children = (
				73101FE42C2DC0DD0001BA5D /* Base */,
			);
			name = LaunchScreen.storyboard;
			sourceTree = "<group>";
		};
/* End PBXVariantGroup section */

/* Begin XCBuildConfiguration section */
		73101FE72C2DC0DD0001BA5D /* Debug */ = {
			isa = XCBuildConfiguration;
			buildSettings = {
				ALWAYS_SEARCH_USER_PATHS = NO;
				ASSETCATALOG_COMPILER_GENERATE_SWIFT_ASSET_SYMBOL_EXTENSIONS = YES;
				CLANG_ANALYZER_NONNULL = YES;
				CLANG_ANALYZER_NUMBER_OBJECT_CONVERSION = YES_AGGRESSIVE;
				CLANG_CXX_LANGUAGE_STANDARD = "gnu++20";
				CLANG_ENABLE_MODULES = YES;
				CLANG_ENABLE_OBJC_ARC = YES;
				CLANG_ENABLE_OBJC_WEAK = YES;
				CLANG_WARN_BLOCK_CAPTURE_AUTORELEASING = YES;
				CLANG_WARN_BOOL_CONVERSION = YES;
				CLANG_WARN_COMMA = YES;
				CLANG_WARN_CONSTANT_CONVERSION = YES;
				CLANG_WARN_DEPRECATED_OBJC_IMPLEMENTATIONS = YES;
				CLANG_WARN_DIRECT_OBJC_ISA_USAGE = YES_ERROR;
				CLANG_WARN_DOCUMENTATION_COMMENTS = YES;
				CLANG_WARN_EMPTY_BODY = YES;
				CLANG_WARN_ENUM_CONVERSION = YES;
				CLANG_WARN_INFINITE_RECURSION = YES;
				CLANG_WARN_INT_CONVERSION = YES;
				CLANG_WARN_NON_LITERAL_NULL_CONVERSION = YES;
				CLANG_WARN_OBJC_IMPLICIT_RETAIN_SELF = YES;
				CLANG_WARN_OBJC_LITERAL_CONVERSION = YES;
				CLANG_WARN_OBJC_ROOT_CLASS = YES_ERROR;
				CLANG_WARN_QUOTED_INCLUDE_IN_FRAMEWORK_HEADER = YES;
				CLANG_WARN_RANGE_LOOP_ANALYSIS = YES;
				CLANG_WARN_STRICT_PROTOTYPES = YES;
				CLANG_WARN_SUSPICIOUS_MOVE = YES;
				CLANG_WARN_UNGUARDED_AVAILABILITY = YES_AGGRESSIVE;
				CLANG_WARN_UNREACHABLE_CODE = YES;
				CLANG_WARN__DUPLICATE_METHOD_MATCH = YES;
				COPY_PHASE_STRIP = NO;
				DEBUG_INFORMATION_FORMAT = dwarf;
				ENABLE_STRICT_OBJC_MSGSEND = YES;
				ENABLE_TESTABILITY = YES;
				ENABLE_USER_SCRIPT_SANDBOXING = YES;
				GCC_C_LANGUAGE_STANDARD = gnu17;
				GCC_DYNAMIC_NO_PIC = NO;
				GCC_NO_COMMON_BLOCKS = YES;
				GCC_OPTIMIZATION_LEVEL = 0;
				GCC_PREPROCESSOR_DEFINITIONS = (
					"DEBUG=1",
					"$(inherited)",
				);
				GCC_WARN_64_TO_32_BIT_CONVERSION = YES;
				GCC_WARN_ABOUT_RETURN_TYPE = YES_ERROR;
				GCC_WARN_UNDECLARED_SELECTOR = YES;
				GCC_WARN_UNINITIALIZED_AUTOS = YES_AGGRESSIVE;
				GCC_WARN_UNUSED_FUNCTION = YES;
				GCC_WARN_UNUSED_VARIABLE = YES;
				IPHONEOS_DEPLOYMENT_TARGET = 17.5;
				LOCALIZATION_PREFERS_STRING_CATALOGS = YES;
				MTL_ENABLE_DEBUG_INFO = INCLUDE_SOURCE;
				MTL_FAST_MATH = YES;
				ONLY_ACTIVE_ARCH = YES;
				SDKROOT = iphoneos;
				SWIFT_ACTIVE_COMPILATION_CONDITIONS = "DEBUG $(inherited)";
				SWIFT_OPTIMIZATION_LEVEL = "-Onone";
			};
			name = Debug;
		};
		73101FE82C2DC0DD0001BA5D /* Release */ = {
			isa = XCBuildConfiguration;
			buildSettings = {
				ALWAYS_SEARCH_USER_PATHS = NO;
				ASSETCATALOG_COMPILER_GENERATE_SWIFT_ASSET_SYMBOL_EXTENSIONS = YES;
				CLANG_ANALYZER_NONNULL = YES;
				CLANG_ANALYZER_NUMBER_OBJECT_CONVERSION = YES_AGGRESSIVE;
				CLANG_CXX_LANGUAGE_STANDARD = "gnu++20";
				CLANG_ENABLE_MODULES = YES;
				CLANG_ENABLE_OBJC_ARC = YES;
				CLANG_ENABLE_OBJC_WEAK = YES;
				CLANG_WARN_BLOCK_CAPTURE_AUTORELEASING = YES;
				CLANG_WARN_BOOL_CONVERSION = YES;
				CLANG_WARN_COMMA = YES;
				CLANG_WARN_CONSTANT_CONVERSION = YES;
				CLANG_WARN_DEPRECATED_OBJC_IMPLEMENTATIONS = YES;
				CLANG_WARN_DIRECT_OBJC_ISA_USAGE = YES_ERROR;
				CLANG_WARN_DOCUMENTATION_COMMENTS = YES;
				CLANG_WARN_EMPTY_BODY = YES;
				CLANG_WARN_ENUM_CONVERSION = YES;
				CLANG_WARN_INFINITE_RECURSION = YES;
				CLANG_WARN_INT_CONVERSION = YES;
				CLANG_WARN_NON_LITERAL_NULL_CONVERSION = YES;
				CLANG_WARN_OBJC_IMPLICIT_RETAIN_SELF = YES;
				CLANG_WARN_OBJC_LITERAL_CONVERSION = YES;
				CLANG_WARN_OBJC_ROOT_CLASS = YES_ERROR;
				CLANG_WARN_QUOTED_INCLUDE_IN_FRAMEWORK_HEADER = YES;
				CLANG_WARN_RANGE_LOOP_ANALYSIS = YES;
				CLANG_WARN_STRICT_PROTOTYPES = YES;
				CLANG_WARN_SUSPICIOUS_MOVE = YES;
				CLANG_WARN_UNGUARDED_AVAILABILITY = YES_AGGRESSIVE;
				CLANG_WARN_UNREACHABLE_CODE = YES;
				CLANG_WARN__DUPLICATE_METHOD_MATCH = YES;
				COPY_PHASE_STRIP = NO;
				DEBUG_INFORMATION_FORMAT = "dwarf-with-dsym";
				ENABLE_NS_ASSERTIONS = NO;
				ENABLE_STRICT_OBJC_MSGSEND = YES;
				ENABLE_USER_SCRIPT_SANDBOXING = YES;
				GCC_C_LANGUAGE_STANDARD = gnu17;
				GCC_NO_COMMON_BLOCKS = YES;
				GCC_WARN_64_TO_32_BIT_CONVERSION = YES;
				GCC_WARN_ABOUT_RETURN_TYPE = YES_ERROR;
				GCC_WARN_UNDECLARED_SELECTOR = YES;
				GCC_WARN_UNINITIALIZED_AUTOS = YES_AGGRESSIVE;
				GCC_WARN_UNUSED_FUNCTION = YES;
				GCC_WARN_UNUSED_VARIABLE = YES;
				IPHONEOS_DEPLOYMENT_TARGET = 17.5;
				LOCALIZATION_PREFERS_STRING_CATALOGS = YES;
				MTL_ENABLE_DEBUG_INFO = NO;
				MTL_FAST_MATH = YES;
				SDKROOT = iphoneos;
				SWIFT_COMPILATION_MODE = wholemodule;
				VALIDATE_PRODUCT = YES;
			};
			name = Release;
		};
		73101FEA2C2DC0DD0001BA5D /* Debug */ = {
			isa = XCBuildConfiguration;
			buildSettings = {
				ASSETCATALOG_COMPILER_APPICON_NAME = AppIcon;
				ASSETCATALOG_COMPILER_GLOBAL_ACCENT_COLOR_NAME = AccentColor;
				CODE_SIGN_STYLE = Automatic;
				CURRENT_PROJECT_VERSION = 1;
				DEVELOPMENT_TEAM = Z22BS5844A;
				GENERATE_INFOPLIST_FILE = YES;
				INFOPLIST_FILE = Delivery/Info.plist;
				INFOPLIST_KEY_UIApplicationSupportsIndirectInputEvents = YES;
				INFOPLIST_KEY_UILaunchStoryboardName = LaunchScreen;
				INFOPLIST_KEY_UISupportedInterfaceOrientations_iPad = "UIInterfaceOrientationPortrait UIInterfaceOrientationPortraitUpsideDown UIInterfaceOrientationLandscapeLeft UIInterfaceOrientationLandscapeRight";
				INFOPLIST_KEY_UISupportedInterfaceOrientations_iPhone = "UIInterfaceOrientationPortrait UIInterfaceOrientationLandscapeLeft UIInterfaceOrientationLandscapeRight";
				LD_RUNPATH_SEARCH_PATHS = (
					"$(inherited)",
					"@executable_path/Frameworks",
				);
				MARKETING_VERSION = 1.0;
				PRODUCT_BUNDLE_IDENTIFIER = com.nikendo.app.Delivery;
				PRODUCT_NAME = "$(TARGET_NAME)";
				SUPPORTED_PLATFORMS = "iphoneos iphonesimulator";
				SUPPORTS_MACCATALYST = NO;
				SUPPORTS_MAC_DESIGNED_FOR_IPHONE_IPAD = NO;
				SUPPORTS_XR_DESIGNED_FOR_IPHONE_IPAD = NO;
				SWIFT_EMIT_LOC_STRINGS = YES;
				SWIFT_VERSION = 5.0;
				TARGETED_DEVICE_FAMILY = 1;
			};
			name = Debug;
		};
		73101FEB2C2DC0DD0001BA5D /* Release */ = {
			isa = XCBuildConfiguration;
			buildSettings = {
				ASSETCATALOG_COMPILER_APPICON_NAME = AppIcon;
				ASSETCATALOG_COMPILER_GLOBAL_ACCENT_COLOR_NAME = AccentColor;
				CODE_SIGN_STYLE = Automatic;
				CURRENT_PROJECT_VERSION = 1;
				DEVELOPMENT_TEAM = Z22BS5844A;
				GENERATE_INFOPLIST_FILE = YES;
				INFOPLIST_FILE = Delivery/Info.plist;
				INFOPLIST_KEY_UIApplicationSupportsIndirectInputEvents = YES;
				INFOPLIST_KEY_UILaunchStoryboardName = LaunchScreen;
				INFOPLIST_KEY_UISupportedInterfaceOrientations_iPad = "UIInterfaceOrientationPortrait UIInterfaceOrientationPortraitUpsideDown UIInterfaceOrientationLandscapeLeft UIInterfaceOrientationLandscapeRight";
				INFOPLIST_KEY_UISupportedInterfaceOrientations_iPhone = "UIInterfaceOrientationPortrait UIInterfaceOrientationLandscapeLeft UIInterfaceOrientationLandscapeRight";
				LD_RUNPATH_SEARCH_PATHS = (
					"$(inherited)",
					"@executable_path/Frameworks",
				);
				MARKETING_VERSION = 1.0;
				PRODUCT_BUNDLE_IDENTIFIER = com.nikendo.app.Delivery;
				PRODUCT_NAME = "$(TARGET_NAME)";
				SUPPORTED_PLATFORMS = "iphoneos iphonesimulator";
				SUPPORTS_MACCATALYST = NO;
				SUPPORTS_MAC_DESIGNED_FOR_IPHONE_IPAD = NO;
				SUPPORTS_XR_DESIGNED_FOR_IPHONE_IPAD = NO;
				SWIFT_EMIT_LOC_STRINGS = YES;
				SWIFT_VERSION = 5.0;
				TARGETED_DEVICE_FAMILY = 1;
			};
			name = Release;
		};
		731020352C2F35A50001BA5D /* Debug */ = {
			isa = XCBuildConfiguration;
			buildSettings = {
				BUNDLE_LOADER = "$(TEST_HOST)";
				CODE_SIGN_STYLE = Automatic;
				CURRENT_PROJECT_VERSION = 1;
				DEVELOPMENT_TEAM = Z22BS5844A;
				GENERATE_INFOPLIST_FILE = YES;
				MARKETING_VERSION = 1.0;
				PRODUCT_BUNDLE_IDENTIFIER = com.nikendo.app.LoginTest;
				PRODUCT_NAME = "$(TARGET_NAME)";
				SUPPORTED_PLATFORMS = "iphoneos iphonesimulator";
				SUPPORTS_MACCATALYST = NO;
				SUPPORTS_MAC_DESIGNED_FOR_IPHONE_IPAD = NO;
				SUPPORTS_XR_DESIGNED_FOR_IPHONE_IPAD = NO;
				SWIFT_EMIT_LOC_STRINGS = NO;
				SWIFT_VERSION = 5.0;
				TARGETED_DEVICE_FAMILY = 1;
				TEST_HOST = "$(BUILT_PRODUCTS_DIR)/Delivery.app/$(BUNDLE_EXECUTABLE_FOLDER_PATH)/Delivery";
			};
			name = Debug;
		};
		731020362C2F35A50001BA5D /* Release */ = {
			isa = XCBuildConfiguration;
			buildSettings = {
				BUNDLE_LOADER = "$(TEST_HOST)";
				CODE_SIGN_STYLE = Automatic;
				CURRENT_PROJECT_VERSION = 1;
				DEVELOPMENT_TEAM = Z22BS5844A;
				GENERATE_INFOPLIST_FILE = YES;
				MARKETING_VERSION = 1.0;
				PRODUCT_BUNDLE_IDENTIFIER = com.nikendo.app.LoginTest;
				PRODUCT_NAME = "$(TARGET_NAME)";
				SUPPORTED_PLATFORMS = "iphoneos iphonesimulator";
				SUPPORTS_MACCATALYST = NO;
				SUPPORTS_MAC_DESIGNED_FOR_IPHONE_IPAD = NO;
				SUPPORTS_XR_DESIGNED_FOR_IPHONE_IPAD = NO;
				SWIFT_EMIT_LOC_STRINGS = NO;
				SWIFT_VERSION = 5.0;
				TARGETED_DEVICE_FAMILY = 1;
				TEST_HOST = "$(BUILT_PRODUCTS_DIR)/Delivery.app/$(BUNDLE_EXECUTABLE_FOLDER_PATH)/Delivery";
			};
			name = Release;
		};
		73CF40252C32E12600D8DEFF /* Debug */ = {
			isa = XCBuildConfiguration;
			buildSettings = {
				BUNDLE_LOADER = "$(TEST_HOST)";
				CODE_SIGN_STYLE = Automatic;
				CURRENT_PROJECT_VERSION = 1;
				DEVELOPMENT_TEAM = Z22BS5844A;
				GENERATE_INFOPLIST_FILE = YES;
				MARKETING_VERSION = 1.0;
				PRODUCT_BUNDLE_IDENTIFIER = com.nikendo.app.CategoriesTests;
				PRODUCT_NAME = "$(TARGET_NAME)";
				SUPPORTED_PLATFORMS = "iphoneos iphonesimulator";
				SUPPORTS_MACCATALYST = NO;
				SUPPORTS_MAC_DESIGNED_FOR_IPHONE_IPAD = NO;
				SUPPORTS_XR_DESIGNED_FOR_IPHONE_IPAD = NO;
				SWIFT_EMIT_LOC_STRINGS = NO;
				SWIFT_VERSION = 5.0;
				TARGETED_DEVICE_FAMILY = 1;
				TEST_HOST = "$(BUILT_PRODUCTS_DIR)/Delivery.app/$(BUNDLE_EXECUTABLE_FOLDER_PATH)/Delivery";
			};
			name = Debug;
		};
		73CF40262C32E12600D8DEFF /* Release */ = {
			isa = XCBuildConfiguration;
			buildSettings = {
				BUNDLE_LOADER = "$(TEST_HOST)";
				CODE_SIGN_STYLE = Automatic;
				CURRENT_PROJECT_VERSION = 1;
				DEVELOPMENT_TEAM = Z22BS5844A;
				GENERATE_INFOPLIST_FILE = YES;
				MARKETING_VERSION = 1.0;
				PRODUCT_BUNDLE_IDENTIFIER = com.nikendo.app.CategoriesTests;
				PRODUCT_NAME = "$(TARGET_NAME)";
				SUPPORTED_PLATFORMS = "iphoneos iphonesimulator";
				SUPPORTS_MACCATALYST = NO;
				SUPPORTS_MAC_DESIGNED_FOR_IPHONE_IPAD = NO;
				SUPPORTS_XR_DESIGNED_FOR_IPHONE_IPAD = NO;
				SWIFT_EMIT_LOC_STRINGS = NO;
				SWIFT_VERSION = 5.0;
				TARGETED_DEVICE_FAMILY = 1;
				TEST_HOST = "$(BUILT_PRODUCTS_DIR)/Delivery.app/$(BUNDLE_EXECUTABLE_FOLDER_PATH)/Delivery";
			};
			name = Release;
		};
/* End XCBuildConfiguration section */

/* Begin XCConfigurationList section */
		73101FD02C2DC0DB0001BA5D /* Build configuration list for PBXProject "Delivery" */ = {
			isa = XCConfigurationList;
			buildConfigurations = (
				73101FE72C2DC0DD0001BA5D /* Debug */,
				73101FE82C2DC0DD0001BA5D /* Release */,
			);
			defaultConfigurationIsVisible = 0;
			defaultConfigurationName = Release;
		};
		73101FE92C2DC0DD0001BA5D /* Build configuration list for PBXNativeTarget "Delivery" */ = {
			isa = XCConfigurationList;
			buildConfigurations = (
				73101FEA2C2DC0DD0001BA5D /* Debug */,
				73101FEB2C2DC0DD0001BA5D /* Release */,
			);
			defaultConfigurationIsVisible = 0;
			defaultConfigurationName = Release;
		};
		731020342C2F35A50001BA5D /* Build configuration list for PBXNativeTarget "LoginTest" */ = {
			isa = XCConfigurationList;
			buildConfigurations = (
				731020352C2F35A50001BA5D /* Debug */,
				731020362C2F35A50001BA5D /* Release */,
			);
			defaultConfigurationIsVisible = 0;
			defaultConfigurationName = Release;
		};
		73CF40272C32E12600D8DEFF /* Build configuration list for PBXNativeTarget "CategoriesTests" */ = {
			isa = XCConfigurationList;
			buildConfigurations = (
				73CF40252C32E12600D8DEFF /* Debug */,
				73CF40262C32E12600D8DEFF /* Release */,
			);
			defaultConfigurationIsVisible = 0;
			defaultConfigurationName = Release;
		};
/* End XCConfigurationList section */

/* Begin XCRemoteSwiftPackageReference section */
		731020452C2F5FE80001BA5D /* XCRemoteSwiftPackageReference "firebase-ios-sdk" */ = {
			isa = XCRemoteSwiftPackageReference;
			repositoryURL = "https://github.com/firebase/firebase-ios-sdk.git";
			requirement = {
				kind = upToNextMajorVersion;
				minimumVersion = 10.28.1;
			};
		};
		731020582C2F6BB00001BA5D /* XCRemoteSwiftPackageReference "KeychainAccess" */ = {
			isa = XCRemoteSwiftPackageReference;
			repositoryURL = "https://github.com/kishikawakatsumi/KeychainAccess";
			requirement = {
				branch = master;
				kind = branch;
			};
		};
/* End XCRemoteSwiftPackageReference section */

/* Begin XCSwiftPackageProductDependency section */
		731020462C2F5FE80001BA5D /* FirebaseAnalytics */ = {
			isa = XCSwiftPackageProductDependency;
			package = 731020452C2F5FE80001BA5D /* XCRemoteSwiftPackageReference "firebase-ios-sdk" */;
			productName = FirebaseAnalytics;
		};
		731020482C2F5FE80001BA5D /* FirebaseAuth */ = {
			isa = XCSwiftPackageProductDependency;
			package = 731020452C2F5FE80001BA5D /* XCRemoteSwiftPackageReference "firebase-ios-sdk" */;
			productName = FirebaseAuth;
		};
		731020592C2F6BB00001BA5D /* KeychainAccess */ = {
			isa = XCSwiftPackageProductDependency;
			package = 731020582C2F6BB00001BA5D /* XCRemoteSwiftPackageReference "KeychainAccess" */;
			productName = KeychainAccess;
		};
		738E88E02C34257D00AFB0DA /* FirebaseFirestore */ = {
			isa = XCSwiftPackageProductDependency;
			package = 731020452C2F5FE80001BA5D /* XCRemoteSwiftPackageReference "firebase-ios-sdk" */;
			productName = FirebaseFirestore;
		};
/* End XCSwiftPackageProductDependency section */
	};
	rootObject = 73101FCD2C2DC0DB0001BA5D /* Project object */;
}
