// !$*UTF8*$!
{
	archiveVersion = 1;
	classes = {
	};
	objectVersion = 56;
	objects = {

/* Begin PBXBuildFile section */
		730FA1F82C39F4C100F94C6F /* UIViewController+Keyboard.swift in Sources */ = {isa = PBXBuildFile; fileRef = 730FA1F72C39F4C100F94C6F /* UIViewController+Keyboard.swift */; };
		73101FD92C2DC0DB0001BA5D /* AppDelegate.swift in Sources */ = {isa = PBXBuildFile; fileRef = 73101FD82C2DC0DB0001BA5D /* AppDelegate.swift */; };
		73101FDB2C2DC0DB0001BA5D /* SceneDelegate.swift in Sources */ = {isa = PBXBuildFile; fileRef = 73101FDA2C2DC0DB0001BA5D /* SceneDelegate.swift */; };
		73101FE22C2DC0DD0001BA5D /* Assets.xcassets in Resources */ = {isa = PBXBuildFile; fileRef = 73101FE12C2DC0DD0001BA5D /* Assets.xcassets */; };
		73101FE52C2DC0DD0001BA5D /* Base in Resources */ = {isa = PBXBuildFile; fileRef = 73101FE42C2DC0DD0001BA5D /* Base */; };
		731020012C2ECF3F0001BA5D /* AppCoordinator.swift in Sources */ = {isa = PBXBuildFile; fileRef = 731020002C2ECF3F0001BA5D /* AppCoordinator.swift */; };
		731020212C2F085E0001BA5D /* UITextField+Publisher.swift in Sources */ = {isa = PBXBuildFile; fileRef = 731020202C2F085E0001BA5D /* UITextField+Publisher.swift */; };
		731020312C2F35A50001BA5D /* LoginTests.swift in Sources */ = {isa = PBXBuildFile; fileRef = 731020302C2F35A50001BA5D /* LoginTests.swift */; };
		7310203C2C2F46210001BA5D /* MockAuthService.swift in Sources */ = {isa = PBXBuildFile; fileRef = 7310203B2C2F46210001BA5D /* MockAuthService.swift */; };
		7310203E2C2F47CC0001BA5D /* MockLoginUseCase.swift in Sources */ = {isa = PBXBuildFile; fileRef = 7310203D2C2F47CC0001BA5D /* MockLoginUseCase.swift */; };
		731020432C2F5E840001BA5D /* GoogleService-Info.plist in Resources */ = {isa = PBXBuildFile; fileRef = 731020422C2F5E840001BA5D /* GoogleService-Info.plist */; };
		731020442C2F5E840001BA5D /* GoogleService-Info.plist in Resources */ = {isa = PBXBuildFile; fileRef = 731020422C2F5E840001BA5D /* GoogleService-Info.plist */; };
		7310205A2C2F6BB00001BA5D /* KeychainAccess in Frameworks */ = {isa = PBXBuildFile; productRef = 731020592C2F6BB00001BA5D /* KeychainAccess */; };
		731020762C2FE6C30001BA5D /* MockUserSessionManager.swift in Sources */ = {isa = PBXBuildFile; fileRef = 731020722C2FDAF80001BA5D /* MockUserSessionManager.swift */; };
		732D72FB2C32EB8000791A4B /* CategoriesViewModelTests.swift in Sources */ = {isa = PBXBuildFile; fileRef = 732D72FA2C32EB8000791A4B /* CategoriesViewModelTests.swift */; };
		732D72FE2C32ED0F00791A4B /* MockUserSessionManager.swift in Sources */ = {isa = PBXBuildFile; fileRef = 732D72FD2C32ED0F00791A4B /* MockUserSessionManager.swift */; };
		732D730B2C33376100791A4B /* MockGetCategoriesUseCase.swift in Sources */ = {isa = PBXBuildFile; fileRef = 732D730A2C33376100791A4B /* MockGetCategoriesUseCase.swift */; };
		732D730D2C33581200791A4B /* MockCategoriesCoordinator.swift in Sources */ = {isa = PBXBuildFile; fileRef = 732D730C2C33581200791A4B /* MockCategoriesCoordinator.swift */; };
		7352A8EF2C8A6067009001EA /* MockAddProductToCartUseCase.swift in Sources */ = {isa = PBXBuildFile; fileRef = 7352A8EE2C8A6067009001EA /* MockAddProductToCartUseCase.swift */; };
		7352A9162C8CC207009001EA /* DomainLayer in Frameworks */ = {isa = PBXBuildFile; productRef = 7352A9152C8CC207009001EA /* DomainLayer */; };
		7352A9182C8CC20B009001EA /* DataLayer in Frameworks */ = {isa = PBXBuildFile; productRef = 7352A9172C8CC20B009001EA /* DataLayer */; };
		738925DD2C4A79C700FC218A /* CategoryViewModelTests.swift in Sources */ = {isa = PBXBuildFile; fileRef = 738925DC2C4A79C700FC218A /* CategoryViewModelTests.swift */; };
		738925DF2C4A93AB00FC218A /* MockProducts.swift in Sources */ = {isa = PBXBuildFile; fileRef = 738925DE2C4A93AB00FC218A /* MockProducts.swift */; };
		738925E12C4A9E2300FC218A /* ProductTests.swift in Sources */ = {isa = PBXBuildFile; fileRef = 738925E02C4A9E2300FC218A /* ProductTests.swift */; };
		738925E32C4AA36700FC218A /* MockGetProductsUseCase.swift in Sources */ = {isa = PBXBuildFile; fileRef = 738925E22C4AA36700FC218A /* MockGetProductsUseCase.swift */; };
		738E88E52C34541000AFB0DA /* MockCategoriesViewModel.swift in Sources */ = {isa = PBXBuildFile; fileRef = 738E88E42C34541000AFB0DA /* MockCategoriesViewModel.swift */; };
		739322DF2C8D0AEC003850CB /* UILayer in Frameworks */ = {isa = PBXBuildFile; productRef = 739322DE2C8D0AEC003850CB /* UILayer */; };
		73C4F1D82C7A3CF70008A296 /* ProductViewModelTests.swift in Sources */ = {isa = PBXBuildFile; fileRef = 73C4F1D72C7A3CF70008A296 /* ProductViewModelTests.swift */; };
		73C4F1DA2C7A3DC00008A296 /* MockAddProductToFavoriteUseCase.swift in Sources */ = {isa = PBXBuildFile; fileRef = 73C4F1D92C7A3DC00008A296 /* MockAddProductToFavoriteUseCase.swift */; };
		73CF402B2C32E3C800D8DEFF /* CategoriesViewControllerTests.swift in Sources */ = {isa = PBXBuildFile; fileRef = 73CF402A2C32E3C800D8DEFF /* CategoriesViewControllerTests.swift */; };
		73CF402D2C32E87F00D8DEFF /* CategoriesTests.swift in Sources */ = {isa = PBXBuildFile; fileRef = 73CF402C2C32E87F00D8DEFF /* CategoriesTests.swift */; };
/* End PBXBuildFile section */

/* Begin PBXContainerItemProxy section */
		731020322C2F35A50001BA5D /* PBXContainerItemProxy */ = {
			isa = PBXContainerItemProxy;
			containerPortal = 73101FCD2C2DC0DB0001BA5D /* Project object */;
			proxyType = 1;
			remoteGlobalIDString = 73101FD42C2DC0DB0001BA5D;
			remoteInfo = Delivery;
		};
		73CF40232C32E12600D8DEFF /* PBXContainerItemProxy */ = {
			isa = PBXContainerItemProxy;
			containerPortal = 73101FCD2C2DC0DB0001BA5D /* Project object */;
			proxyType = 1;
			remoteGlobalIDString = 73101FD42C2DC0DB0001BA5D;
			remoteInfo = Delivery;
		};
/* End PBXContainerItemProxy section */

/* Begin PBXFileReference section */
		730FA1F72C39F4C100F94C6F /* UIViewController+Keyboard.swift */ = {isa = PBXFileReference; lastKnownFileType = sourcecode.swift; path = "UIViewController+Keyboard.swift"; sourceTree = "<group>"; };
		73101FD52C2DC0DB0001BA5D /* Delivery.app */ = {isa = PBXFileReference; explicitFileType = wrapper.application; includeInIndex = 0; path = Delivery.app; sourceTree = BUILT_PRODUCTS_DIR; };
		73101FD82C2DC0DB0001BA5D /* AppDelegate.swift */ = {isa = PBXFileReference; lastKnownFileType = sourcecode.swift; path = AppDelegate.swift; sourceTree = "<group>"; };
		73101FDA2C2DC0DB0001BA5D /* SceneDelegate.swift */ = {isa = PBXFileReference; lastKnownFileType = sourcecode.swift; path = SceneDelegate.swift; sourceTree = "<group>"; };
		73101FE12C2DC0DD0001BA5D /* Assets.xcassets */ = {isa = PBXFileReference; lastKnownFileType = folder.assetcatalog; path = Assets.xcassets; sourceTree = "<group>"; };
		73101FE42C2DC0DD0001BA5D /* Base */ = {isa = PBXFileReference; lastKnownFileType = file.storyboard; name = Base; path = Base.lproj/LaunchScreen.storyboard; sourceTree = "<group>"; };
		73101FE62C2DC0DD0001BA5D /* Info.plist */ = {isa = PBXFileReference; lastKnownFileType = text.plist.xml; path = Info.plist; sourceTree = "<group>"; };
		731020002C2ECF3F0001BA5D /* AppCoordinator.swift */ = {isa = PBXFileReference; lastKnownFileType = sourcecode.swift; path = AppCoordinator.swift; sourceTree = "<group>"; };
		731020202C2F085E0001BA5D /* UITextField+Publisher.swift */ = {isa = PBXFileReference; lastKnownFileType = sourcecode.swift; path = "UITextField+Publisher.swift"; sourceTree = "<group>"; };
		7310202E2C2F35A50001BA5D /* LoginTest.xctest */ = {isa = PBXFileReference; explicitFileType = wrapper.cfbundle; includeInIndex = 0; path = LoginTest.xctest; sourceTree = BUILT_PRODUCTS_DIR; };
		731020302C2F35A50001BA5D /* LoginTests.swift */ = {isa = PBXFileReference; lastKnownFileType = sourcecode.swift; path = LoginTests.swift; sourceTree = "<group>"; };
		7310203B2C2F46210001BA5D /* MockAuthService.swift */ = {isa = PBXFileReference; lastKnownFileType = sourcecode.swift; path = MockAuthService.swift; sourceTree = "<group>"; };
		7310203D2C2F47CC0001BA5D /* MockLoginUseCase.swift */ = {isa = PBXFileReference; lastKnownFileType = sourcecode.swift; path = MockLoginUseCase.swift; sourceTree = "<group>"; };
		731020422C2F5E840001BA5D /* GoogleService-Info.plist */ = {isa = PBXFileReference; fileEncoding = 4; lastKnownFileType = text.plist.xml; path = "GoogleService-Info.plist"; sourceTree = "<group>"; };
		731020722C2FDAF80001BA5D /* MockUserSessionManager.swift */ = {isa = PBXFileReference; lastKnownFileType = sourcecode.swift; path = MockUserSessionManager.swift; sourceTree = "<group>"; };
		732D72FA2C32EB8000791A4B /* CategoriesViewModelTests.swift */ = {isa = PBXFileReference; lastKnownFileType = sourcecode.swift; path = CategoriesViewModelTests.swift; sourceTree = "<group>"; };
		732D72FD2C32ED0F00791A4B /* MockUserSessionManager.swift */ = {isa = PBXFileReference; lastKnownFileType = sourcecode.swift; path = MockUserSessionManager.swift; sourceTree = "<group>"; };
		732D730A2C33376100791A4B /* MockGetCategoriesUseCase.swift */ = {isa = PBXFileReference; lastKnownFileType = sourcecode.swift; path = MockGetCategoriesUseCase.swift; sourceTree = "<group>"; };
		732D730C2C33581200791A4B /* MockCategoriesCoordinator.swift */ = {isa = PBXFileReference; lastKnownFileType = sourcecode.swift; path = MockCategoriesCoordinator.swift; sourceTree = "<group>"; };
		7352A8EE2C8A6067009001EA /* MockAddProductToCartUseCase.swift */ = {isa = PBXFileReference; lastKnownFileType = sourcecode.swift; path = MockAddProductToCartUseCase.swift; sourceTree = "<group>"; };
		7352A9122C8CC1CF009001EA /* DataLayer */ = {isa = PBXFileReference; lastKnownFileType = wrapper; path = DataLayer; sourceTree = "<group>"; };
		7352A9132C8CC1DA009001EA /* DomainLayer */ = {isa = PBXFileReference; lastKnownFileType = wrapper; path = DomainLayer; sourceTree = "<group>"; };
		738925DC2C4A79C700FC218A /* CategoryViewModelTests.swift */ = {isa = PBXFileReference; lastKnownFileType = sourcecode.swift; path = CategoryViewModelTests.swift; sourceTree = "<group>"; };
		738925DE2C4A93AB00FC218A /* MockProducts.swift */ = {isa = PBXFileReference; lastKnownFileType = sourcecode.swift; path = MockProducts.swift; sourceTree = "<group>"; };
		738925E02C4A9E2300FC218A /* ProductTests.swift */ = {isa = PBXFileReference; lastKnownFileType = sourcecode.swift; path = ProductTests.swift; sourceTree = "<group>"; };
		738925E22C4AA36700FC218A /* MockGetProductsUseCase.swift */ = {isa = PBXFileReference; lastKnownFileType = sourcecode.swift; path = MockGetProductsUseCase.swift; sourceTree = "<group>"; };
		738E88E42C34541000AFB0DA /* MockCategoriesViewModel.swift */ = {isa = PBXFileReference; lastKnownFileType = sourcecode.swift; path = MockCategoriesViewModel.swift; sourceTree = "<group>"; };
		739322DD2C8D0AA9003850CB /* UILayer */ = {isa = PBXFileReference; lastKnownFileType = wrapper; path = UILayer; sourceTree = "<group>"; };
		73C4F1D72C7A3CF70008A296 /* ProductViewModelTests.swift */ = {isa = PBXFileReference; lastKnownFileType = sourcecode.swift; name = ProductViewModelTests.swift; path = CategoriesTests/ProductViewModelTests.swift; sourceTree = SOURCE_ROOT; };
		73C4F1D92C7A3DC00008A296 /* MockAddProductToFavoriteUseCase.swift */ = {isa = PBXFileReference; lastKnownFileType = sourcecode.swift; path = MockAddProductToFavoriteUseCase.swift; sourceTree = "<group>"; };
		73CF401F2C32E12600D8DEFF /* CategoriesTests.xctest */ = {isa = PBXFileReference; explicitFileType = wrapper.cfbundle; includeInIndex = 0; path = CategoriesTests.xctest; sourceTree = BUILT_PRODUCTS_DIR; };
		73CF402A2C32E3C800D8DEFF /* CategoriesViewControllerTests.swift */ = {isa = PBXFileReference; lastKnownFileType = sourcecode.swift; path = CategoriesViewControllerTests.swift; sourceTree = "<group>"; };
		73CF402C2C32E87F00D8DEFF /* CategoriesTests.swift */ = {isa = PBXFileReference; lastKnownFileType = sourcecode.swift; path = CategoriesTests.swift; sourceTree = "<group>"; };
/* End PBXFileReference section */

/* Begin PBXFrameworksBuildPhase section */
		73101FD22C2DC0DB0001BA5D /* Frameworks */ = {
			isa = PBXFrameworksBuildPhase;
			buildActionMask = 2147483647;
			files = (
				7352A9182C8CC20B009001EA /* DataLayer in Frameworks */,
				7352A9162C8CC207009001EA /* DomainLayer in Frameworks */,
				739322DF2C8D0AEC003850CB /* UILayer in Frameworks */,
				7310205A2C2F6BB00001BA5D /* KeychainAccess in Frameworks */,
			);
			runOnlyForDeploymentPostprocessing = 0;
		};
		7310202B2C2F35A50001BA5D /* Frameworks */ = {
			isa = PBXFrameworksBuildPhase;
			buildActionMask = 2147483647;
			files = (
			);
			runOnlyForDeploymentPostprocessing = 0;
		};
		73CF401C2C32E12600D8DEFF /* Frameworks */ = {
			isa = PBXFrameworksBuildPhase;
			buildActionMask = 2147483647;
			files = (
			);
			runOnlyForDeploymentPostprocessing = 0;
		};
/* End PBXFrameworksBuildPhase section */

/* Begin PBXGroup section */
		73101FCC2C2DC0DB0001BA5D = {
			isa = PBXGroup;
			children = (
				739322DD2C8D0AA9003850CB /* UILayer */,
				7352A9132C8CC1DA009001EA /* DomainLayer */,
				7352A9122C8CC1CF009001EA /* DataLayer */,
				73101FD72C2DC0DB0001BA5D /* Delivery */,
				7310202F2C2F35A50001BA5D /* LoginTest */,
				73CF40202C32E12600D8DEFF /* CategoriesTests */,
				73101FD62C2DC0DB0001BA5D /* Products */,
				7352A9142C8CC207009001EA /* Frameworks */,
			);
			sourceTree = "<group>";
		};
		73101FD62C2DC0DB0001BA5D /* Products */ = {
			isa = PBXGroup;
			children = (
				73101FD52C2DC0DB0001BA5D /* Delivery.app */,
				7310202E2C2F35A50001BA5D /* LoginTest.xctest */,
				73CF401F2C32E12600D8DEFF /* CategoriesTests.xctest */,
			);
			name = Products;
			sourceTree = "<group>";
		};
		73101FD72C2DC0DB0001BA5D /* Delivery */ = {
			isa = PBXGroup;
			children = (
				731020422C2F5E840001BA5D /* GoogleService-Info.plist */,
				73101FEE2C2ECD910001BA5D /* AppLayer */,
				73101FFC2C2ECEC00001BA5D /* CommonLayer */,
				73101FE12C2DC0DD0001BA5D /* Assets.xcassets */,
				73101FE32C2DC0DD0001BA5D /* LaunchScreen.storyboard */,
				73101FE62C2DC0DD0001BA5D /* Info.plist */,
			);
			path = Delivery;
			sourceTree = "<group>";
		};
		73101FEE2C2ECD910001BA5D /* AppLayer */ = {
			isa = PBXGroup;
			children = (
				73101FD82C2DC0DB0001BA5D /* AppDelegate.swift */,
				73101FDA2C2DC0DB0001BA5D /* SceneDelegate.swift */,
				731020002C2ECF3F0001BA5D /* AppCoordinator.swift */,
			);
			path = AppLayer;
			sourceTree = "<group>";
		};
		73101FFC2C2ECEC00001BA5D /* CommonLayer */ = {
			isa = PBXGroup;
			children = (
				73101FFE2C2ECED00001BA5D /* Extensions */,
				73101FFF2C2ECEDB0001BA5D /* Helpers */,
			);
			path = CommonLayer;
			sourceTree = "<group>";
		};
		73101FFE2C2ECED00001BA5D /* Extensions */ = {
			isa = PBXGroup;
			children = (
				731020202C2F085E0001BA5D /* UITextField+Publisher.swift */,
				730FA1F72C39F4C100F94C6F /* UIViewController+Keyboard.swift */,
			);
			path = Extensions;
			sourceTree = "<group>";
		};
		73101FFF2C2ECEDB0001BA5D /* Helpers */ = {
			isa = PBXGroup;
			children = (
			);
			path = Helpers;
			sourceTree = "<group>";
		};
		7310202F2C2F35A50001BA5D /* LoginTest */ = {
			isa = PBXGroup;
			children = (
				731020392C2F45E80001BA5D /* Mocks */,
				731020302C2F35A50001BA5D /* LoginTests.swift */,
			);
			path = LoginTest;
			sourceTree = "<group>";
		};
		731020392C2F45E80001BA5D /* Mocks */ = {
			isa = PBXGroup;
			children = (
				731020722C2FDAF80001BA5D /* MockUserSessionManager.swift */,
				7310203B2C2F46210001BA5D /* MockAuthService.swift */,
				7310203D2C2F47CC0001BA5D /* MockLoginUseCase.swift */,
			);
			path = Mocks;
			sourceTree = "<group>";
		};
		732D72FC2C32ECFF00791A4B /* Mocks */ = {
			isa = PBXGroup;
			children = (
				732D72FD2C32ED0F00791A4B /* MockUserSessionManager.swift */,
				732D730A2C33376100791A4B /* MockGetCategoriesUseCase.swift */,
				732D730C2C33581200791A4B /* MockCategoriesCoordinator.swift */,
				738E88E42C34541000AFB0DA /* MockCategoriesViewModel.swift */,
				738925DE2C4A93AB00FC218A /* MockProducts.swift */,
				738925E22C4AA36700FC218A /* MockGetProductsUseCase.swift */,
				73C4F1D92C7A3DC00008A296 /* MockAddProductToFavoriteUseCase.swift */,
				7352A8EE2C8A6067009001EA /* MockAddProductToCartUseCase.swift */,
			);
			path = Mocks;
			sourceTree = "<group>";
		};
		7352A9142C8CC207009001EA /* Frameworks */ = {
			isa = PBXGroup;
			children = (
			);
			name = Frameworks;
			sourceTree = "<group>";
		};
		73CF40202C32E12600D8DEFF /* CategoriesTests */ = {
			isa = PBXGroup;
			children = (
				732D72FC2C32ECFF00791A4B /* Mocks */,
				73CF402A2C32E3C800D8DEFF /* CategoriesViewControllerTests.swift */,
				73CF402C2C32E87F00D8DEFF /* CategoriesTests.swift */,
				732D72FA2C32EB8000791A4B /* CategoriesViewModelTests.swift */,
				738925DC2C4A79C700FC218A /* CategoryViewModelTests.swift */,
				738925E02C4A9E2300FC218A /* ProductTests.swift */,
				73C4F1D72C7A3CF70008A296 /* ProductViewModelTests.swift */,
			);
			path = CategoriesTests;
			sourceTree = "<group>";
		};
/* End PBXGroup section */

/* Begin PBXNativeTarget section */
		73101FD42C2DC0DB0001BA5D /* Delivery */ = {
			isa = PBXNativeTarget;
			buildConfigurationList = 73101FE92C2DC0DD0001BA5D /* Build configuration list for PBXNativeTarget "Delivery" */;
			buildPhases = (
				73101FD12C2DC0DB0001BA5D /* Sources */,
				73101FD22C2DC0DB0001BA5D /* Frameworks */,
				73101FD32C2DC0DB0001BA5D /* Resources */,
			);
			buildRules = (
			);
			dependencies = (
			);
			name = Delivery;
			packageProductDependencies = (
				731020592C2F6BB00001BA5D /* KeychainAccess */,
				7352A9152C8CC207009001EA /* DomainLayer */,
				7352A9172C8CC20B009001EA /* DataLayer */,
				739322DE2C8D0AEC003850CB /* UILayer */,
			);
			productName = Delivery;
			productReference = 73101FD52C2DC0DB0001BA5D /* Delivery.app */;
			productType = "com.apple.product-type.application";
		};
		7310202D2C2F35A50001BA5D /* LoginTest */ = {
			isa = PBXNativeTarget;
			buildConfigurationList = 731020342C2F35A50001BA5D /* Build configuration list for PBXNativeTarget "LoginTest" */;
			buildPhases = (
				7310202A2C2F35A50001BA5D /* Sources */,
				7310202B2C2F35A50001BA5D /* Frameworks */,
				7310202C2C2F35A50001BA5D /* Resources */,
			);
			buildRules = (
			);
			dependencies = (
				731020332C2F35A50001BA5D /* PBXTargetDependency */,
			);
			name = LoginTest;
			productName = LoginTest;
			productReference = 7310202E2C2F35A50001BA5D /* LoginTest.xctest */;
			productType = "com.apple.product-type.bundle.unit-test";
		};
		73CF401E2C32E12600D8DEFF /* CategoriesTests */ = {
			isa = PBXNativeTarget;
			buildConfigurationList = 73CF40272C32E12600D8DEFF /* Build configuration list for PBXNativeTarget "CategoriesTests" */;
			buildPhases = (
				73CF401B2C32E12600D8DEFF /* Sources */,
				73CF401C2C32E12600D8DEFF /* Frameworks */,
				73CF401D2C32E12600D8DEFF /* Resources */,
			);
			buildRules = (
			);
			dependencies = (
				73CF40242C32E12600D8DEFF /* PBXTargetDependency */,
			);
			name = CategoriesTests;
			productName = CategoriesTests;
			productReference = 73CF401F2C32E12600D8DEFF /* CategoriesTests.xctest */;
			productType = "com.apple.product-type.bundle.unit-test";
		};
/* End PBXNativeTarget section */

/* Begin PBXProject section */
		73101FCD2C2DC0DB0001BA5D /* Project object */ = {
			isa = PBXProject;
			attributes = {
				BuildIndependentTargetsInParallel = 1;
				LastSwiftUpdateCheck = 1540;
				LastUpgradeCheck = 1540;
				TargetAttributes = {
					73101FD42C2DC0DB0001BA5D = {
						CreatedOnToolsVersion = 15.4;
					};
					7310202D2C2F35A50001BA5D = {
						CreatedOnToolsVersion = 15.4;
						TestTargetID = 73101FD42C2DC0DB0001BA5D;
					};
					73CF401E2C32E12600D8DEFF = {
						CreatedOnToolsVersion = 15.4;
						TestTargetID = 73101FD42C2DC0DB0001BA5D;
					};
				};
			};
			buildConfigurationList = 73101FD02C2DC0DB0001BA5D /* Build configuration list for PBXProject "Delivery" */;
			compatibilityVersion = "Xcode 14.0";
			developmentRegion = en;
			hasScannedForEncodings = 0;
			knownRegions = (
				en,
				Base,
			);
			mainGroup = 73101FCC2C2DC0DB0001BA5D;
			packageReferences = (
				731020582C2F6BB00001BA5D /* XCRemoteSwiftPackageReference "KeychainAccess" */,
			);
			productRefGroup = 73101FD62C2DC0DB0001BA5D /* Products */;
			projectDirPath = "";
			projectRoot = "";
			targets = (
				73101FD42C2DC0DB0001BA5D /* Delivery */,
				7310202D2C2F35A50001BA5D /* LoginTest */,
				73CF401E2C32E12600D8DEFF /* CategoriesTests */,
			);
		};
/* End PBXProject section */

/* Begin PBXResourcesBuildPhase section */
		73101FD32C2DC0DB0001BA5D /* Resources */ = {
			isa = PBXResourcesBuildPhase;
			buildActionMask = 2147483647;
			files = (
				73101FE22C2DC0DD0001BA5D /* Assets.xcassets in Resources */,
				73101FE52C2DC0DD0001BA5D /* Base in Resources */,
				731020432C2F5E840001BA5D /* GoogleService-Info.plist in Resources */,
			);
			runOnlyForDeploymentPostprocessing = 0;
		};
		7310202C2C2F35A50001BA5D /* Resources */ = {
			isa = PBXResourcesBuildPhase;
			buildActionMask = 2147483647;
			files = (
				731020442C2F5E840001BA5D /* GoogleService-Info.plist in Resources */,
			);
			runOnlyForDeploymentPostprocessing = 0;
		};
		73CF401D2C32E12600D8DEFF /* Resources */ = {
			isa = PBXResourcesBuildPhase;
			buildActionMask = 2147483647;
			files = (
			);
			runOnlyForDeploymentPostprocessing = 0;
		};
/* End PBXResourcesBuildPhase section */

/* Begin PBXSourcesBuildPhase section */
		73101FD12C2DC0DB0001BA5D /* Sources */ = {
			isa = PBXSourcesBuildPhase;
			buildActionMask = 2147483647;
			files = (
				731020012C2ECF3F0001BA5D /* AppCoordinator.swift in Sources */,
				730FA1F82C39F4C100F94C6F /* UIViewController+Keyboard.swift in Sources */,
				731020212C2F085E0001BA5D /* UITextField+Publisher.swift in Sources */,
				73101FD92C2DC0DB0001BA5D /* AppDelegate.swift in Sources */,
				73101FDB2C2DC0DB0001BA5D /* SceneDelegate.swift in Sources */,
			);
			runOnlyForDeploymentPostprocessing = 0;
		};
		7310202A2C2F35A50001BA5D /* Sources */ = {
			isa = PBXSourcesBuildPhase;
			buildActionMask = 2147483647;
			files = (
				731020312C2F35A50001BA5D /* LoginTests.swift in Sources */,
				7310203E2C2F47CC0001BA5D /* MockLoginUseCase.swift in Sources */,
				7310203C2C2F46210001BA5D /* MockAuthService.swift in Sources */,
				731020762C2FE6C30001BA5D /* MockUserSessionManager.swift in Sources */,
			);
			runOnlyForDeploymentPostprocessing = 0;
		};
		73CF401B2C32E12600D8DEFF /* Sources */ = {
			isa = PBXSourcesBuildPhase;
			buildActionMask = 2147483647;
			files = (
				732D72FB2C32EB8000791A4B /* CategoriesViewModelTests.swift in Sources */,
				73CF402B2C32E3C800D8DEFF /* CategoriesViewControllerTests.swift in Sources */,
				732D730D2C33581200791A4B /* MockCategoriesCoordinator.swift in Sources */,
				73CF402D2C32E87F00D8DEFF /* CategoriesTests.swift in Sources */,
				7352A8EF2C8A6067009001EA /* MockAddProductToCartUseCase.swift in Sources */,
				73C4F1D82C7A3CF70008A296 /* ProductViewModelTests.swift in Sources */,
				738925DD2C4A79C700FC218A /* CategoryViewModelTests.swift in Sources */,
				738925E32C4AA36700FC218A /* MockGetProductsUseCase.swift in Sources */,
				738925DF2C4A93AB00FC218A /* MockProducts.swift in Sources */,
				73C4F1DA2C7A3DC00008A296 /* MockAddProductToFavoriteUseCase.swift in Sources */,
				732D72FE2C32ED0F00791A4B /* MockUserSessionManager.swift in Sources */,
				738E88E52C34541000AFB0DA /* MockCategoriesViewModel.swift in Sources */,
				732D730B2C33376100791A4B /* MockGetCategoriesUseCase.swift in Sources */,
				738925E12C4A9E2300FC218A /* ProductTests.swift in Sources */,
			);
			runOnlyForDeploymentPostprocessing = 0;
		};
/* End PBXSourcesBuildPhase section */

/* Begin PBXTargetDependency section */
		731020332C2F35A50001BA5D /* PBXTargetDependency */ = {
			isa = PBXTargetDependency;
			target = 73101FD42C2DC0DB0001BA5D /* Delivery */;
			targetProxy = 731020322C2F35A50001BA5D /* PBXContainerItemProxy */;
		};
		73CF40242C32E12600D8DEFF /* PBXTargetDependency */ = {
			isa = PBXTargetDependency;
			target = 73101FD42C2DC0DB0001BA5D /* Delivery */;
			targetProxy = 73CF40232C32E12600D8DEFF /* PBXContainerItemProxy */;
		};
/* End PBXTargetDependency section */

/* Begin PBXVariantGroup section */
		73101FE32C2DC0DD0001BA5D /* LaunchScreen.storyboard */ = {
			isa = PBXVariantGroup;
			children = (
				73101FE42C2DC0DD0001BA5D /* Base */,
			);
			name = LaunchScreen.storyboard;
			sourceTree = "<group>";
		};
/* End PBXVariantGroup section */

/* Begin XCBuildConfiguration section */
		73101FE72C2DC0DD0001BA5D /* Debug */ = {
			isa = XCBuildConfiguration;
			buildSettings = {
				ALWAYS_SEARCH_USER_PATHS = NO;
				ASSETCATALOG_COMPILER_GENERATE_SWIFT_ASSET_SYMBOL_EXTENSIONS = YES;
				CLANG_ANALYZER_NONNULL = YES;
				CLANG_ANALYZER_NUMBER_OBJECT_CONVERSION = YES_AGGRESSIVE;
				CLANG_CXX_LANGUAGE_STANDARD = "gnu++20";
				CLANG_ENABLE_MODULES = YES;
				CLANG_ENABLE_OBJC_ARC = YES;
				CLANG_ENABLE_OBJC_WEAK = YES;
				CLANG_WARN_BLOCK_CAPTURE_AUTORELEASING = YES;
				CLANG_WARN_BOOL_CONVERSION = YES;
				CLANG_WARN_COMMA = YES;
				CLANG_WARN_CONSTANT_CONVERSION = YES;
				CLANG_WARN_DEPRECATED_OBJC_IMPLEMENTATIONS = YES;
				CLANG_WARN_DIRECT_OBJC_ISA_USAGE = YES_ERROR;
				CLANG_WARN_DOCUMENTATION_COMMENTS = YES;
				CLANG_WARN_EMPTY_BODY = YES;
				CLANG_WARN_ENUM_CONVERSION = YES;
				CLANG_WARN_INFINITE_RECURSION = YES;
				CLANG_WARN_INT_CONVERSION = YES;
				CLANG_WARN_NON_LITERAL_NULL_CONVERSION = YES;
				CLANG_WARN_OBJC_IMPLICIT_RETAIN_SELF = YES;
				CLANG_WARN_OBJC_LITERAL_CONVERSION = YES;
				CLANG_WARN_OBJC_ROOT_CLASS = YES_ERROR;
				CLANG_WARN_QUOTED_INCLUDE_IN_FRAMEWORK_HEADER = YES;
				CLANG_WARN_RANGE_LOOP_ANALYSIS = YES;
				CLANG_WARN_STRICT_PROTOTYPES = YES;
				CLANG_WARN_SUSPICIOUS_MOVE = YES;
				CLANG_WARN_UNGUARDED_AVAILABILITY = YES_AGGRESSIVE;
				CLANG_WARN_UNREACHABLE_CODE = YES;
				CLANG_WARN__DUPLICATE_METHOD_MATCH = YES;
				COPY_PHASE_STRIP = NO;
				DEBUG_INFORMATION_FORMAT = dwarf;
				ENABLE_STRICT_OBJC_MSGSEND = YES;
				ENABLE_TESTABILITY = YES;
				ENABLE_USER_SCRIPT_SANDBOXING = YES;
				GCC_C_LANGUAGE_STANDARD = gnu17;
				GCC_DYNAMIC_NO_PIC = NO;
				GCC_NO_COMMON_BLOCKS = YES;
				GCC_OPTIMIZATION_LEVEL = 0;
				GCC_PREPROCESSOR_DEFINITIONS = (
					"DEBUG=1",
					"$(inherited)",
				);
				GCC_WARN_64_TO_32_BIT_CONVERSION = YES;
				GCC_WARN_ABOUT_RETURN_TYPE = YES_ERROR;
				GCC_WARN_UNDECLARED_SELECTOR = YES;
				GCC_WARN_UNINITIALIZED_AUTOS = YES_AGGRESSIVE;
				GCC_WARN_UNUSED_FUNCTION = YES;
				GCC_WARN_UNUSED_VARIABLE = YES;
				IPHONEOS_DEPLOYMENT_TARGET = 17.5;
				LOCALIZATION_PREFERS_STRING_CATALOGS = YES;
				MTL_ENABLE_DEBUG_INFO = INCLUDE_SOURCE;
				MTL_FAST_MATH = YES;
				ONLY_ACTIVE_ARCH = YES;
				SDKROOT = iphoneos;
				SWIFT_ACTIVE_COMPILATION_CONDITIONS = "DEBUG $(inherited)";
				SWIFT_OPTIMIZATION_LEVEL = "-Onone";
			};
			name = Debug;
		};
		73101FE82C2DC0DD0001BA5D /* Release */ = {
			isa = XCBuildConfiguration;
			buildSettings = {
				ALWAYS_SEARCH_USER_PATHS = NO;
				ASSETCATALOG_COMPILER_GENERATE_SWIFT_ASSET_SYMBOL_EXTENSIONS = YES;
				CLANG_ANALYZER_NONNULL = YES;
				CLANG_ANALYZER_NUMBER_OBJECT_CONVERSION = YES_AGGRESSIVE;
				CLANG_CXX_LANGUAGE_STANDARD = "gnu++20";
				CLANG_ENABLE_MODULES = YES;
				CLANG_ENABLE_OBJC_ARC = YES;
				CLANG_ENABLE_OBJC_WEAK = YES;
				CLANG_WARN_BLOCK_CAPTURE_AUTORELEASING = YES;
				CLANG_WARN_BOOL_CONVERSION = YES;
				CLANG_WARN_COMMA = YES;
				CLANG_WARN_CONSTANT_CONVERSION = YES;
				CLANG_WARN_DEPRECATED_OBJC_IMPLEMENTATIONS = YES;
				CLANG_WARN_DIRECT_OBJC_ISA_USAGE = YES_ERROR;
				CLANG_WARN_DOCUMENTATION_COMMENTS = YES;
				CLANG_WARN_EMPTY_BODY = YES;
				CLANG_WARN_ENUM_CONVERSION = YES;
				CLANG_WARN_INFINITE_RECURSION = YES;
				CLANG_WARN_INT_CONVERSION = YES;
				CLANG_WARN_NON_LITERAL_NULL_CONVERSION = YES;
				CLANG_WARN_OBJC_IMPLICIT_RETAIN_SELF = YES;
				CLANG_WARN_OBJC_LITERAL_CONVERSION = YES;
				CLANG_WARN_OBJC_ROOT_CLASS = YES_ERROR;
				CLANG_WARN_QUOTED_INCLUDE_IN_FRAMEWORK_HEADER = YES;
				CLANG_WARN_RANGE_LOOP_ANALYSIS = YES;
				CLANG_WARN_STRICT_PROTOTYPES = YES;
				CLANG_WARN_SUSPICIOUS_MOVE = YES;
				CLANG_WARN_UNGUARDED_AVAILABILITY = YES_AGGRESSIVE;
				CLANG_WARN_UNREACHABLE_CODE = YES;
				CLANG_WARN__DUPLICATE_METHOD_MATCH = YES;
				COPY_PHASE_STRIP = NO;
				DEBUG_INFORMATION_FORMAT = "dwarf-with-dsym";
				ENABLE_NS_ASSERTIONS = NO;
				ENABLE_STRICT_OBJC_MSGSEND = YES;
				ENABLE_USER_SCRIPT_SANDBOXING = YES;
				GCC_C_LANGUAGE_STANDARD = gnu17;
				GCC_NO_COMMON_BLOCKS = YES;
				GCC_WARN_64_TO_32_BIT_CONVERSION = YES;
				GCC_WARN_ABOUT_RETURN_TYPE = YES_ERROR;
				GCC_WARN_UNDECLARED_SELECTOR = YES;
				GCC_WARN_UNINITIALIZED_AUTOS = YES_AGGRESSIVE;
				GCC_WARN_UNUSED_FUNCTION = YES;
				GCC_WARN_UNUSED_VARIABLE = YES;
				IPHONEOS_DEPLOYMENT_TARGET = 17.5;
				LOCALIZATION_PREFERS_STRING_CATALOGS = YES;
				MTL_ENABLE_DEBUG_INFO = NO;
				MTL_FAST_MATH = YES;
				SDKROOT = iphoneos;
				SWIFT_COMPILATION_MODE = wholemodule;
				VALIDATE_PRODUCT = YES;
			};
			name = Release;
		};
		73101FEA2C2DC0DD0001BA5D /* Debug */ = {
			isa = XCBuildConfiguration;
			buildSettings = {
				ASSETCATALOG_COMPILER_APPICON_NAME = AppIcon;
				ASSETCATALOG_COMPILER_GLOBAL_ACCENT_COLOR_NAME = AccentColor;
				CODE_SIGN_STYLE = Automatic;
				CURRENT_PROJECT_VERSION = 1;
				DEVELOPMENT_TEAM = Z22BS5844A;
				GENERATE_INFOPLIST_FILE = YES;
				INFOPLIST_FILE = Delivery/Info.plist;
				INFOPLIST_KEY_UIApplicationSupportsIndirectInputEvents = YES;
				INFOPLIST_KEY_UILaunchStoryboardName = LaunchScreen;
				INFOPLIST_KEY_UISupportedInterfaceOrientations_iPad = "UIInterfaceOrientationPortrait UIInterfaceOrientationPortraitUpsideDown UIInterfaceOrientationLandscapeLeft UIInterfaceOrientationLandscapeRight";
				INFOPLIST_KEY_UISupportedInterfaceOrientations_iPhone = "UIInterfaceOrientationPortrait UIInterfaceOrientationLandscapeLeft UIInterfaceOrientationLandscapeRight";
				IPHONEOS_DEPLOYMENT_TARGET = 17.5;
				LD_RUNPATH_SEARCH_PATHS = (
					"$(inherited)",
					"@executable_path/Frameworks",
				);
				MARKETING_VERSION = 1.0;
				PRODUCT_BUNDLE_IDENTIFIER = com.nikendo.app.Delivery;
				PRODUCT_NAME = "$(TARGET_NAME)";
				SUPPORTED_PLATFORMS = "iphoneos iphonesimulator";
				SUPPORTS_MACCATALYST = NO;
				SUPPORTS_MAC_DESIGNED_FOR_IPHONE_IPAD = NO;
				SUPPORTS_XR_DESIGNED_FOR_IPHONE_IPAD = NO;
				SWIFT_EMIT_LOC_STRINGS = YES;
				SWIFT_VERSION = 5.0;
				TARGETED_DEVICE_FAMILY = 1;
			};
			name = Debug;
		};
		73101FEB2C2DC0DD0001BA5D /* Release */ = {
			isa = XCBuildConfiguration;
			buildSettings = {
				ASSETCATALOG_COMPILER_APPICON_NAME = AppIcon;
				ASSETCATALOG_COMPILER_GLOBAL_ACCENT_COLOR_NAME = AccentColor;
				CODE_SIGN_STYLE = Automatic;
				CURRENT_PROJECT_VERSION = 1;
				DEVELOPMENT_TEAM = Z22BS5844A;
				GENERATE_INFOPLIST_FILE = YES;
				INFOPLIST_FILE = Delivery/Info.plist;
				INFOPLIST_KEY_UIApplicationSupportsIndirectInputEvents = YES;
				INFOPLIST_KEY_UILaunchStoryboardName = LaunchScreen;
				INFOPLIST_KEY_UISupportedInterfaceOrientations_iPad = "UIInterfaceOrientationPortrait UIInterfaceOrientationPortraitUpsideDown UIInterfaceOrientationLandscapeLeft UIInterfaceOrientationLandscapeRight";
				INFOPLIST_KEY_UISupportedInterfaceOrientations_iPhone = "UIInterfaceOrientationPortrait UIInterfaceOrientationLandscapeLeft UIInterfaceOrientationLandscapeRight";
				IPHONEOS_DEPLOYMENT_TARGET = 17.5;
				LD_RUNPATH_SEARCH_PATHS = (
					"$(inherited)",
					"@executable_path/Frameworks",
				);
				MARKETING_VERSION = 1.0;
				PRODUCT_BUNDLE_IDENTIFIER = com.nikendo.app.Delivery;
				PRODUCT_NAME = "$(TARGET_NAME)";
				SUPPORTED_PLATFORMS = "iphoneos iphonesimulator";
				SUPPORTS_MACCATALYST = NO;
				SUPPORTS_MAC_DESIGNED_FOR_IPHONE_IPAD = NO;
				SUPPORTS_XR_DESIGNED_FOR_IPHONE_IPAD = NO;
				SWIFT_EMIT_LOC_STRINGS = YES;
				SWIFT_VERSION = 5.0;
				TARGETED_DEVICE_FAMILY = 1;
			};
			name = Release;
		};
		731020352C2F35A50001BA5D /* Debug */ = {
			isa = XCBuildConfiguration;
			buildSettings = {
				BUNDLE_LOADER = "$(TEST_HOST)";
				CODE_SIGN_STYLE = Automatic;
				CURRENT_PROJECT_VERSION = 1;
				DEVELOPMENT_TEAM = Z22BS5844A;
				GENERATE_INFOPLIST_FILE = YES;
				MARKETING_VERSION = 1.0;
				PRODUCT_BUNDLE_IDENTIFIER = com.nikendo.app.LoginTest;
				PRODUCT_NAME = "$(TARGET_NAME)";
				SUPPORTED_PLATFORMS = "iphoneos iphonesimulator";
				SUPPORTS_MACCATALYST = NO;
				SUPPORTS_MAC_DESIGNED_FOR_IPHONE_IPAD = NO;
				SUPPORTS_XR_DESIGNED_FOR_IPHONE_IPAD = NO;
				SWIFT_EMIT_LOC_STRINGS = NO;
				SWIFT_VERSION = 5.0;
				TARGETED_DEVICE_FAMILY = 1;
				TEST_HOST = "$(BUILT_PRODUCTS_DIR)/Delivery.app/$(BUNDLE_EXECUTABLE_FOLDER_PATH)/Delivery";
			};
			name = Debug;
		};
		731020362C2F35A50001BA5D /* Release */ = {
			isa = XCBuildConfiguration;
			buildSettings = {
				BUNDLE_LOADER = "$(TEST_HOST)";
				CODE_SIGN_STYLE = Automatic;
				CURRENT_PROJECT_VERSION = 1;
				DEVELOPMENT_TEAM = Z22BS5844A;
				GENERATE_INFOPLIST_FILE = YES;
				MARKETING_VERSION = 1.0;
				PRODUCT_BUNDLE_IDENTIFIER = com.nikendo.app.LoginTest;
				PRODUCT_NAME = "$(TARGET_NAME)";
				SUPPORTED_PLATFORMS = "iphoneos iphonesimulator";
				SUPPORTS_MACCATALYST = NO;
				SUPPORTS_MAC_DESIGNED_FOR_IPHONE_IPAD = NO;
				SUPPORTS_XR_DESIGNED_FOR_IPHONE_IPAD = NO;
				SWIFT_EMIT_LOC_STRINGS = NO;
				SWIFT_VERSION = 5.0;
				TARGETED_DEVICE_FAMILY = 1;
				TEST_HOST = "$(BUILT_PRODUCTS_DIR)/Delivery.app/$(BUNDLE_EXECUTABLE_FOLDER_PATH)/Delivery";
			};
			name = Release;
		};
		73CF40252C32E12600D8DEFF /* Debug */ = {
			isa = XCBuildConfiguration;
			buildSettings = {
				BUNDLE_LOADER = "$(TEST_HOST)";
				CODE_SIGN_STYLE = Automatic;
				CURRENT_PROJECT_VERSION = 1;
				DEVELOPMENT_TEAM = Z22BS5844A;
				GENERATE_INFOPLIST_FILE = YES;
				MARKETING_VERSION = 1.0;
				PRODUCT_BUNDLE_IDENTIFIER = com.nikendo.app.CategoriesTests;
				PRODUCT_NAME = "$(TARGET_NAME)";
				SUPPORTED_PLATFORMS = "iphoneos iphonesimulator";
				SUPPORTS_MACCATALYST = NO;
				SUPPORTS_MAC_DESIGNED_FOR_IPHONE_IPAD = NO;
				SUPPORTS_XR_DESIGNED_FOR_IPHONE_IPAD = NO;
				SWIFT_EMIT_LOC_STRINGS = NO;
				SWIFT_VERSION = 5.0;
				TARGETED_DEVICE_FAMILY = 1;
				TEST_HOST = "$(BUILT_PRODUCTS_DIR)/Delivery.app/$(BUNDLE_EXECUTABLE_FOLDER_PATH)/Delivery";
			};
			name = Debug;
		};
		73CF40262C32E12600D8DEFF /* Release */ = {
			isa = XCBuildConfiguration;
			buildSettings = {
				BUNDLE_LOADER = "$(TEST_HOST)";
				CODE_SIGN_STYLE = Automatic;
				CURRENT_PROJECT_VERSION = 1;
				DEVELOPMENT_TEAM = Z22BS5844A;
				GENERATE_INFOPLIST_FILE = YES;
				MARKETING_VERSION = 1.0;
				PRODUCT_BUNDLE_IDENTIFIER = com.nikendo.app.CategoriesTests;
				PRODUCT_NAME = "$(TARGET_NAME)";
				SUPPORTED_PLATFORMS = "iphoneos iphonesimulator";
				SUPPORTS_MACCATALYST = NO;
				SUPPORTS_MAC_DESIGNED_FOR_IPHONE_IPAD = NO;
				SUPPORTS_XR_DESIGNED_FOR_IPHONE_IPAD = NO;
				SWIFT_EMIT_LOC_STRINGS = NO;
				SWIFT_VERSION = 5.0;
				TARGETED_DEVICE_FAMILY = 1;
				TEST_HOST = "$(BUILT_PRODUCTS_DIR)/Delivery.app/$(BUNDLE_EXECUTABLE_FOLDER_PATH)/Delivery";
			};
			name = Release;
		};
/* End XCBuildConfiguration section */

/* Begin XCConfigurationList section */
		73101FD02C2DC0DB0001BA5D /* Build configuration list for PBXProject "Delivery" */ = {
			isa = XCConfigurationList;
			buildConfigurations = (
				73101FE72C2DC0DD0001BA5D /* Debug */,
				73101FE82C2DC0DD0001BA5D /* Release */,
			);
			defaultConfigurationIsVisible = 0;
			defaultConfigurationName = Release;
		};
		73101FE92C2DC0DD0001BA5D /* Build configuration list for PBXNativeTarget "Delivery" */ = {
			isa = XCConfigurationList;
			buildConfigurations = (
				73101FEA2C2DC0DD0001BA5D /* Debug */,
				73101FEB2C2DC0DD0001BA5D /* Release */,
			);
			defaultConfigurationIsVisible = 0;
			defaultConfigurationName = Release;
		};
		731020342C2F35A50001BA5D /* Build configuration list for PBXNativeTarget "LoginTest" */ = {
			isa = XCConfigurationList;
			buildConfigurations = (
				731020352C2F35A50001BA5D /* Debug */,
				731020362C2F35A50001BA5D /* Release */,
			);
			defaultConfigurationIsVisible = 0;
			defaultConfigurationName = Release;
		};
		73CF40272C32E12600D8DEFF /* Build configuration list for PBXNativeTarget "CategoriesTests" */ = {
			isa = XCConfigurationList;
			buildConfigurations = (
				73CF40252C32E12600D8DEFF /* Debug */,
				73CF40262C32E12600D8DEFF /* Release */,
			);
			defaultConfigurationIsVisible = 0;
			defaultConfigurationName = Release;
		};
/* End XCConfigurationList section */

/* Begin XCRemoteSwiftPackageReference section */
		731020582C2F6BB00001BA5D /* XCRemoteSwiftPackageReference "KeychainAccess" */ = {
			isa = XCRemoteSwiftPackageReference;
			repositoryURL = "https://github.com/kishikawakatsumi/KeychainAccess";
			requirement = {
				branch = master;
				kind = branch;
			};
		};
/* End XCRemoteSwiftPackageReference section */

/* Begin XCSwiftPackageProductDependency section */
		731020592C2F6BB00001BA5D /* KeychainAccess */ = {
			isa = XCSwiftPackageProductDependency;
			package = 731020582C2F6BB00001BA5D /* XCRemoteSwiftPackageReference "KeychainAccess" */;
			productName = KeychainAccess;
		};
		7352A9152C8CC207009001EA /* DomainLayer */ = {
			isa = XCSwiftPackageProductDependency;
			productName = DomainLayer;
		};
		7352A9172C8CC20B009001EA /* DataLayer */ = {
			isa = XCSwiftPackageProductDependency;
			productName = DataLayer;
		};
		739322DE2C8D0AEC003850CB /* UILayer */ = {
			isa = XCSwiftPackageProductDependency;
			productName = UILayer;
		};
/* End XCSwiftPackageProductDependency section */
	};
	rootObject = 73101FCD2C2DC0DB0001BA5D /* Project object */;
}
